// !$*UTF8*$!
{
	archiveVersion = 1;
	classes = {
	};
	objectVersion = 53;
	objects = {

/* Begin PBXBuildFile section */
		0100345C2637864C00BEA1F1 /* Server.swift in Sources */ = {isa = PBXBuildFile; fileRef = 0100345B2637864C00BEA1F1 /* Server.swift */; };
		010042CD2266562600E0360D /* fa-brands-400.ttf in Resources */ = {isa = PBXBuildFile; fileRef = 010042CC2266562600E0360D /* fa-brands-400.ttf */; };
		010042CF2266562C00E0360D /* fa-solid-900.ttf in Resources */ = {isa = PBXBuildFile; fileRef = 010042CE2266562C00E0360D /* fa-solid-900.ttf */; };
		010042D02266563300E0360D /* fa-regular-400.ttf in Resources */ = {isa = PBXBuildFile; fileRef = 010042CB2266561E00E0360D /* fa-regular-400.ttf */; };
		0106A08025DB596C008DC22B /* CircleMapOverlay.swift in Sources */ = {isa = PBXBuildFile; fileRef = 0106A07F25DB596C008DC22B /* CircleMapOverlay.swift */; };
		0106A08225DB5D8D008DC22B /* BaseMapOverlay.swift in Sources */ = {isa = PBXBuildFile; fileRef = 0106A08125DB5D8D008DC22B /* BaseMapOverlay.swift */; };
		010C475525D62A1F00AF4C54 /* overlayListViewController.swift in Sources */ = {isa = PBXBuildFile; fileRef = 010C475425D62A1F00AF4C54 /* overlayListViewController.swift */; };
		010C475725D62AF400AF4C54 /* overlayTVC.swift in Sources */ = {isa = PBXBuildFile; fileRef = 010C475625D62AF400AF4C54 /* overlayTVC.swift */; };
		010CBD1A24083F7E0021357D /* Hof41_10_1.png in Resources */ = {isa = PBXBuildFile; fileRef = 010CBD1824083F7D0021357D /* Hof41_10_1.png */; };
		010CBD1B24083F7E0021357D /* Bell412_drf.png in Resources */ = {isa = PBXBuildFile; fileRef = 010CBD1924083F7D0021357D /* Bell412_drf.png */; };
		010CBD1F240A82450021357D /* GeneralSettingsVC.swift in Sources */ = {isa = PBXBuildFile; fileRef = 010CBD1E240A82450021357D /* GeneralSettingsVC.swift */; };
		010CBD21240A83650021357D /* SettingsHandler.swift in Sources */ = {isa = PBXBuildFile; fileRef = 010CBD20240A83650021357D /* SettingsHandler.swift */; };
		0110D56825DB720C00B73601 /* BaseMapOverlayTVC.swift in Sources */ = {isa = PBXBuildFile; fileRef = 0110D56725DB720C00B73601 /* BaseMapOverlayTVC.swift */; };
		0110D56A25DCCC3F00B73601 /* RectangleMapOverlay.swift in Sources */ = {isa = PBXBuildFile; fileRef = 0110D56925DCCC3F00B73601 /* RectangleMapOverlay.swift */; };
		01225AE6213F19A300033225 /* hospital.png in Resources */ = {isa = PBXBuildFile; fileRef = 01225AE5213F19A300033225 /* hospital.png */; };
		01225AE8213F1B4700033225 /* icon-injury.png in Resources */ = {isa = PBXBuildFile; fileRef = 01225AE7213F1B4700033225 /* icon-injury.png */; };
		01225AEA213F1B6A00033225 /* InjuryCostumTableViewCell.swift in Sources */ = {isa = PBXBuildFile; fileRef = 01225AE9213F1B6A00033225 /* InjuryCostumTableViewCell.swift */; };
		01229C7E2411A740003BB5F3 /* ExportSettingsViewController.swift in Sources */ = {isa = PBXBuildFile; fileRef = 01229C7D2411A740003BB5F3 /* ExportSettingsViewController.swift */; };
		012508072135AED40065FDF0 /* missionProtocol.swift in Sources */ = {isa = PBXBuildFile; fileRef = 012508062135AED40065FDF0 /* missionProtocol.swift */; };
		0125080A2135B3AB0065FDF0 /* MissionCostumTableViewCell.swift in Sources */ = {isa = PBXBuildFile; fileRef = 012508092135B3AB0065FDF0 /* MissionCostumTableViewCell.swift */; };
		0125080C2135DE630065FDF0 /* TabBarVC.swift in Sources */ = {isa = PBXBuildFile; fileRef = 0125080B2135DE630065FDF0 /* TabBarVC.swift */; };
		0125080E2135E9B80065FDF0 /* UebersichtVC.swift in Sources */ = {isa = PBXBuildFile; fileRef = 0125080D2135E9B80065FDF0 /* UebersichtVC.swift */; };
		012FE86F23897CBE005D24FD /* ShowUserViewController.swift in Sources */ = {isa = PBXBuildFile; fileRef = 012FE86E23897CBE005D24FD /* ShowUserViewController.swift */; };
		012FE87123897D4D005D24FD /* UserAttributeTableViewCell.swift in Sources */ = {isa = PBXBuildFile; fileRef = 012FE87023897D4D005D24FD /* UserAttributeTableViewCell.swift */; };
		012FE873238B29E2005D24FD /* AddUserAttributeTableViewCell.swift in Sources */ = {isa = PBXBuildFile; fileRef = 012FE872238B29E2005D24FD /* AddUserAttributeTableViewCell.swift */; };
		0139BB2A2566AF5C0047D53C /* NotificationManager.swift in Sources */ = {isa = PBXBuildFile; fileRef = 0139BB292566AF5C0047D53C /* NotificationManager.swift */; };
		0139E48F21516747001970FE /* smallinjurycell.swift in Sources */ = {isa = PBXBuildFile; fileRef = 0139E48E21516747001970FE /* smallinjurycell.swift */; };
		0139E49121541391001970FE /* InjuryTC.swift in Sources */ = {isa = PBXBuildFile; fileRef = 0139E49021541391001970FE /* InjuryTC.swift */; };
		0139E4982156C87B001970FE /* AbschnittCVC.swift in Sources */ = {isa = PBXBuildFile; fileRef = 0139E4972156C87B001970FE /* AbschnittCVC.swift */; };
		0139E49A2156C9E2001970FE /* AbschnitteVC.swift in Sources */ = {isa = PBXBuildFile; fileRef = 0139E4992156C9E2001970FE /* AbschnitteVC.swift */; };
		0139E49C2156D16A001970FE /* SmallPatientTableViewCell.swift in Sources */ = {isa = PBXBuildFile; fileRef = 0139E49B2156D16A001970FE /* SmallPatientTableViewCell.swift */; };
		0139E49E2156D1E5001970FE /* SmallUnitTableViewCell.swift in Sources */ = {isa = PBXBuildFile; fileRef = 0139E49D2156D1E5001970FE /* SmallUnitTableViewCell.swift */; };
		0139E4A02156D7A3001970FE /* SectionTableViewCell.swift in Sources */ = {isa = PBXBuildFile; fileRef = 0139E49F2156D7A3001970FE /* SectionTableViewCell.swift */; };
		0139E4A22156D983001970FE /* SectionHandler.swift in Sources */ = {isa = PBXBuildFile; fileRef = 0139E4A12156D983001970FE /* SectionHandler.swift */; };
		0139E4A521570736001970FE /* sectionUnitFullTableViewCell.swift in Sources */ = {isa = PBXBuildFile; fileRef = 0139E4A421570736001970FE /* sectionUnitFullTableViewCell.swift */; };
		0139E4A72157084C001970FE /* sectionUnitHalfTableViewCell.swift in Sources */ = {isa = PBXBuildFile; fileRef = 0139E4A62157084C001970FE /* sectionUnitHalfTableViewCell.swift */; };
		0139E4A9215708D7001970FE /* sectionUnitTableViewCell.swift in Sources */ = {isa = PBXBuildFile; fileRef = 0139E4A8215708D7001970FE /* sectionUnitTableViewCell.swift */; };
		013A570625CD993B007483E8 /* DrawingMapOverlay.swift in Sources */ = {isa = PBXBuildFile; fileRef = 013A570525CD993B007483E8 /* DrawingMapOverlay.swift */; };
		013A571C25D057E0007483E8 /* MapOverlay.swift in Sources */ = {isa = PBXBuildFile; fileRef = 013A571B25D057E0007483E8 /* MapOverlay.swift */; };
		0142010023804B3F00C2834C /* Iuk.png in Resources */ = {isa = PBXBuildFile; fileRef = 014200FD23804B3E00C2834C /* Iuk.png */; };
		0142010123804B3F00C2834C /* BRK_KV_LOGO.jpg in Resources */ = {isa = PBXBuildFile; fileRef = 014200FE23804B3E00C2834C /* BRK_KV_LOGO.jpg */; };
		0142010223804B3F00C2834C /* Logo_final_CMYK.png in Resources */ = {isa = PBXBuildFile; fileRef = 014200FF23804B3F00C2834C /* Logo_final_CMYK.png */; };
		014201052380617100C2834C /* AddUserViewController.swift in Sources */ = {isa = PBXBuildFile; fileRef = 014201042380617100C2834C /* AddUserViewController.swift */; };
		0146EB2A23A2BA860003AB41 /* PatientPopOverVC.swift in Sources */ = {isa = PBXBuildFile; fileRef = 0146EB2923A2BA860003AB41 /* PatientPopOverVC.swift */; };
		0146EB2C23A2BB830003AB41 /* injuryTVC.swift in Sources */ = {isa = PBXBuildFile; fileRef = 0146EB2B23A2BB830003AB41 /* injuryTVC.swift */; };
		0146EB2E23A416CF0003AB41 /* UnitsOverViewCVC.swift in Sources */ = {isa = PBXBuildFile; fileRef = 0146EB2D23A416CF0003AB41 /* UnitsOverViewCVC.swift */; };
		0147B4282638B5F800030DBF /* Log.swift in Sources */ = {isa = PBXBuildFile; fileRef = 0147B4272638B5F800030DBF /* Log.swift */; };
		014C37D423D6309700605ECB /* ChangeMissionVC.swift in Sources */ = {isa = PBXBuildFile; fileRef = 014C37D323D6309700605ECB /* ChangeMissionVC.swift */; };
		014DA89D225F9B1600C42F5C /* Export.swift in Sources */ = {isa = PBXBuildFile; fileRef = 014DA89C225F9B1600C42F5C /* Export.swift */; };
		014FCAF022089C17004C0A33 /* SmallhospitalTableViewCell.swift in Sources */ = {isa = PBXBuildFile; fileRef = 014FCAEF22089C17004C0A33 /* SmallhospitalTableViewCell.swift */; };
		015589CE239ED42700BEEAE3 /* DocuCVC.swift in Sources */ = {isa = PBXBuildFile; fileRef = 015589CD239ED42700BEEAE3 /* DocuCVC.swift */; };
		015589D0239ED4D300BEEAE3 /* PatientOverViewTVC.swift in Sources */ = {isa = PBXBuildFile; fileRef = 015589CF239ED4D300BEEAE3 /* PatientOverViewTVC.swift */; };
		0156738F23CA562E00BC2B53 /* Hospital.swift in Sources */ = {isa = PBXBuildFile; fileRef = 0156738E23CA562E00BC2B53 /* Hospital.swift */; };
		015872E424B60BA60085A68E /* UnitPattern.swift in Sources */ = {isa = PBXBuildFile; fileRef = 015872E324B60BA60085A68E /* UnitPattern.swift */; };
		0161331D267EA3DA008DAE8F /* MissionImageTableViewCell.swift in Sources */ = {isa = PBXBuildFile; fileRef = 0161331C267EA3DA008DAE8F /* MissionImageTableViewCell.swift */; };
		016308FA2564043B00E3D091 /* HttpSwift in Frameworks */ = {isa = PBXBuildFile; productRef = 016308F92564043B00E3D091 /* HttpSwift */; };
		0165068F239D6AE600921FAD /* PatientUITVC.swift in Sources */ = {isa = PBXBuildFile; fileRef = 0165068E239D6AE600921FAD /* PatientUITVC.swift */; };
		01650BAD2249871400886510 /* CreateTempObjectViewController.swift in Sources */ = {isa = PBXBuildFile; fileRef = 01650BAC2249871400886510 /* CreateTempObjectViewController.swift */; };
		01710199258C168E006EFD94 /* BaseEntity.swift in Sources */ = {isa = PBXBuildFile; fileRef = 01710198258C168E006EFD94 /* BaseEntity.swift */; };
		0174FE842567A100009DB167 /* AbschnitteSectionTVC.swift in Sources */ = {isa = PBXBuildFile; fileRef = 0174FE832567A100009DB167 /* AbschnitteSectionTVC.swift */; };
		0177A9352425137300F35819 /* NoticeBookViewController.swift in Sources */ = {isa = PBXBuildFile; fileRef = 0177A9342425137300F35819 /* NoticeBookViewController.swift */; };
		017A1DB125901857002D7649 /* StatisticHandler.swift in Sources */ = {isa = PBXBuildFile; fileRef = 017A1DB025901857002D7649 /* StatisticHandler.swift */; };
		017A7E9A2576CDB8001676DA /* DocuTemplatesViewController.swift in Sources */ = {isa = PBXBuildFile; fileRef = 017A7E992576CDB8001676DA /* DocuTemplatesViewController.swift */; };
		017A7E9D2576CF83001676DA /* DocuTemplateTableViewCell.swift in Sources */ = {isa = PBXBuildFile; fileRef = 017A7E9C2576CF83001676DA /* DocuTemplateTableViewCell.swift */; };
		017A7EA62576D2C3001676DA /* DocuTemplateDetailViewController.swift in Sources */ = {isa = PBXBuildFile; fileRef = 017A7EA52576D2C3001676DA /* DocuTemplateDetailViewController.swift */; };
		017A7EAB2576D575001676DA /* DocumentationTemplate.swift in Sources */ = {isa = PBXBuildFile; fileRef = 017A7EAA2576D575001676DA /* DocumentationTemplate.swift */; };
		017A7EAE2576EE26001676DA /* DocumentationTemplateTableViewCell.swift in Sources */ = {isa = PBXBuildFile; fileRef = 017A7EAD2576EE26001676DA /* DocumentationTemplateTableViewCell.swift */; };
		018042B7213A7179008B1784 /* PatientenVC.swift in Sources */ = {isa = PBXBuildFile; fileRef = 018042B6213A7179008B1784 /* PatientenVC.swift */; };
		018042B9213A7866008B1784 /* PatientCustomTableViewCell.swift in Sources */ = {isa = PBXBuildFile; fileRef = 018042B8213A7866008B1784 /* PatientCustomTableViewCell.swift */; };
		018042BC213A9A60008B1784 /* humonbody01.png in Resources */ = {isa = PBXBuildFile; fileRef = 018042BB213A9A60008B1784 /* humonbody01.png */; };
		018042BE213A9B98008B1784 /* humanbody02.png in Resources */ = {isa = PBXBuildFile; fileRef = 018042BD213A9B98008B1784 /* humanbody02.png */; };
		018042C2213AA1ED008B1784 /* PatientenDetailVC.swift in Sources */ = {isa = PBXBuildFile; fileRef = 018042C1213AA1ED008B1784 /* PatientenDetailVC.swift */; };
		018042C4213BF5C1008B1784 /* SettingsVC.swift in Sources */ = {isa = PBXBuildFile; fileRef = 018042C3213BF5C1008B1784 /* SettingsVC.swift */; };
		018042C6213BFAD1008B1784 /* StammdatenDetailVC.swift in Sources */ = {isa = PBXBuildFile; fileRef = 018042C5213BFAD1008B1784 /* StammdatenDetailVC.swift */; };
		018042C8213BFEF8008B1784 /* StammdatenProtocol.swift in Sources */ = {isa = PBXBuildFile; fileRef = 018042C7213BFEF8008B1784 /* StammdatenProtocol.swift */; };
		018042CC213C0217008B1784 /* CreateUnitVC.swift in Sources */ = {isa = PBXBuildFile; fileRef = 018042CB213C0217008B1784 /* CreateUnitVC.swift */; };
		018042CE213DC841008B1784 /* ChooseDokuTypeVC.swift in Sources */ = {isa = PBXBuildFile; fileRef = 018042CD213DC841008B1784 /* ChooseDokuTypeVC.swift */; };
		018042DF213EF964008B1784 /* NEF.png in Resources */ = {isa = PBXBuildFile; fileRef = 018042D9213EF963008B1784 /* NEF.png */; };
		018042E0213EF964008B1784 /* RTW.png in Resources */ = {isa = PBXBuildFile; fileRef = 018042DA213EF963008B1784 /* RTW.png */; };
		018042E1213EF964008B1784 /* ITH.png in Resources */ = {isa = PBXBuildFile; fileRef = 018042DB213EF963008B1784 /* ITH.png */; };
		018042E3213EF964008B1784 /* KTW.png in Resources */ = {isa = PBXBuildFile; fileRef = 018042DD213EF964008B1784 /* KTW.png */; };
		018042E4213EF964008B1784 /* RTH.png in Resources */ = {isa = PBXBuildFile; fileRef = 018042DE213EF964008B1784 /* RTH.png */; };
		018042E6213F002F008B1784 /* UnitCostumTableViewCell.swift in Sources */ = {isa = PBXBuildFile; fileRef = 018042E5213F002F008B1784 /* UnitCostumTableViewCell.swift */; };
		018042E8213F1812008B1784 /* HosiptalCostumTableViewCell.swift in Sources */ = {isa = PBXBuildFile; fileRef = 018042E7213F1812008B1784 /* HosiptalCostumTableViewCell.swift */; };
		0183A588212CA9E7006036FA /* DataHandler.swift in Sources */ = {isa = PBXBuildFile; fileRef = 0183A587212CA9E7006036FA /* DataHandler.swift */; };
		018A068A265B06B0003B6E90 /* CommanderTableViewCell.swift in Sources */ = {isa = PBXBuildFile; fileRef = 018A0689265B06B0003B6E90 /* CommanderTableViewCell.swift */; };
		018A068C266CE8DC003B6E90 /* MissionGeneralInfoCollectionViewCell.swift in Sources */ = {isa = PBXBuildFile; fileRef = 018A068B266CE8DC003B6E90 /* MissionGeneralInfoCollectionViewCell.swift */; };
		018A068F266D6F42003B6E90 /* iMissionMetaDataCVC.swift in Sources */ = {isa = PBXBuildFile; fileRef = 018A068E266D6F42003B6E90 /* iMissionMetaDataCVC.swift */; };
		018A0691267694E6003B6E90 /* MissionCommanderCVC.swift in Sources */ = {isa = PBXBuildFile; fileRef = 018A0690267694E6003B6E90 /* MissionCommanderCVC.swift */; };
		018A0693267AA43A003B6E90 /* missionCategoryCVC.swift in Sources */ = {isa = PBXBuildFile; fileRef = 018A0692267AA43A003B6E90 /* missionCategoryCVC.swift */; };
		018C6F712573E145005BDC56 /* ExplanationVC.swift in Sources */ = {isa = PBXBuildFile; fileRef = 018C6F702573E145005BDC56 /* ExplanationVC.swift */; };
		018DDCDF24F0151600BB468E /* SectionMapAnnotation.swift in Sources */ = {isa = PBXBuildFile; fileRef = 018DDCDE24F0151600BB468E /* SectionMapAnnotation.swift */; };
		018DDCE124F0169300BB468E /* UnitMapTableViewCell.swift in Sources */ = {isa = PBXBuildFile; fileRef = 018DDCE024F0169300BB468E /* UnitMapTableViewCell.swift */; };
		019081C12141A45C00AB7620 /* InjuryHandler.swift in Sources */ = {isa = PBXBuildFile; fileRef = 019081C02141A45C00AB7620 /* InjuryHandler.swift */; };
		019081C32141A46E00AB7620 /* UnitHandler.swift in Sources */ = {isa = PBXBuildFile; fileRef = 019081C22141A46E00AB7620 /* UnitHandler.swift */; };
		019081C52141A47B00AB7620 /* HospitalHandler.swift in Sources */ = {isa = PBXBuildFile; fileRef = 019081C42141A47B00AB7620 /* HospitalHandler.swift */; };
		019081C72141A5F600AB7620 /* UnitProtocol.swift in Sources */ = {isa = PBXBuildFile; fileRef = 019081C62141A5F600AB7620 /* UnitProtocol.swift */; };
		019081C92141A62F00AB7620 /* HospitalProtocol.swift in Sources */ = {isa = PBXBuildFile; fileRef = 019081C82141A62F00AB7620 /* HospitalProtocol.swift */; };
		019081CB2141A65900AB7620 /* InjuryProtocol.swift in Sources */ = {isa = PBXBuildFile; fileRef = 019081CA2141A65900AB7620 /* InjuryProtocol.swift */; };
		019081CD2141ADD200AB7620 /* CreateInjuryVC.swift in Sources */ = {isa = PBXBuildFile; fileRef = 019081CC2141ADD200AB7620 /* CreateInjuryVC.swift */; };
		0193028D267BE11E001D8D3C /* MissionDateCVC.swift in Sources */ = {isa = PBXBuildFile; fileRef = 0193028C267BE11E001D8D3C /* MissionDateCVC.swift */; };
		01A042E524129DB000D15970 /* PatientenExport.swift in Sources */ = {isa = PBXBuildFile; fileRef = 01A042E424129DB000D15970 /* PatientenExport.swift */; };
		01A042E72412A1AC00D15970 /* brk_kompaktlogo.png in Resources */ = {isa = PBXBuildFile; fileRef = 01A042E62412A1AB00D15970 /* brk_kompaktlogo.png */; };
		01A20266233D62C200F70498 /* bootstrap-4.0.0 ELRD.css in Resources */ = {isa = PBXBuildFile; fileRef = 01A20265233D62C200F70498 /* bootstrap-4.0.0 ELRD.css */; settings = {ASSET_TAGS = (HTML, ); }; };
		01A87CF623F3194C004DA83C /* SectionAnnotation.xib in Resources */ = {isa = PBXBuildFile; fileRef = 01A87CF523F3194C004DA83C /* SectionAnnotation.xib */; };
		01A87CF923F3228E004DA83C /* UnitXIBCustomTableViewCell.swift in Sources */ = {isa = PBXBuildFile; fileRef = 01A87CF823F3228E004DA83C /* UnitXIBCustomTableViewCell.swift */; };
		01A87CFB23F32362004DA83C /* SectionAnnotationView.swift in Sources */ = {isa = PBXBuildFile; fileRef = 01A87CFA23F32362004DA83C /* SectionAnnotationView.swift */; };
		01ADBEB12637735B00A386EC /* StammdatenServerViewController.swift in Sources */ = {isa = PBXBuildFile; fileRef = 01ADBEB02637735B00A386EC /* StammdatenServerViewController.swift */; };
		01BFFA2D239D4FC200688341 /* PatientCVC.swift in Sources */ = {isa = PBXBuildFile; fileRef = 01BFFA2C239D4FC200688341 /* PatientCVC.swift */; };
		01C3853A25DDD98E001C35DE /* MapDrawingOverlay.swift in Sources */ = {isa = PBXBuildFile; fileRef = 01C3853925DDD98E001C35DE /* MapDrawingOverlay.swift */; };
		01C4F47B215AA94B008B5B82 /* StammdatenImport.swift in Sources */ = {isa = PBXBuildFile; fileRef = 01C4F47A215AA94B008B5B82 /* StammdatenImport.swift */; };
		01C4F47D215E5F40008B5B82 /* CategorySegment.swift in Sources */ = {isa = PBXBuildFile; fileRef = 01C4F47C215E5F40008B5B82 /* CategorySegment.swift */; };
		01C4F483215F92F8008B5B82 /* spine-png-4.png in Resources */ = {isa = PBXBuildFile; fileRef = 01C4F482215F92F7008B5B82 /* spine-png-4.png */; };
		01C4F48721628CFA008B5B82 /* Kat-KTW.png in Resources */ = {isa = PBXBuildFile; fileRef = 01C4F48521628CF9008B5B82 /* Kat-KTW.png */; };
		01C4F48821628CFA008B5B82 /* MTW.png in Resources */ = {isa = PBXBuildFile; fileRef = 01C4F48621628CFA008B5B82 /* MTW.png */; };
		01C662A223A0344000BD6AFE /* TextDocuTVC.swift in Sources */ = {isa = PBXBuildFile; fileRef = 01C662A123A0344000BD6AFE /* TextDocuTVC.swift */; };
		01C662A423A04A5600BD6AFE /* UnitsCVC.swift in Sources */ = {isa = PBXBuildFile; fileRef = 01C662A323A04A5600BD6AFE /* UnitsCVC.swift */; };
		01C662A623A0534E00BD6AFE /* UnitCVC.swift in Sources */ = {isa = PBXBuildFile; fileRef = 01C662A523A0534E00BD6AFE /* UnitCVC.swift */; };
		01D7BEAE258C20BA009BA463 /* dbIDManager.swift in Sources */ = {isa = PBXBuildFile; fileRef = 01D7BEAD258C20BA009BA463 /* dbIDManager.swift */; };
		01D9026023BB8136009F9E75 /* LocationHandler.swift in Sources */ = {isa = PBXBuildFile; fileRef = 01D9025F23BB8136009F9E75 /* LocationHandler.swift */; };
		01DC89CB2607963800EA87A0 /* OpenStreetMapOverlay.swift in Sources */ = {isa = PBXBuildFile; fileRef = 01DC89CA2607963800EA87A0 /* OpenStreetMapOverlay.swift */; };
		01DC89CD2607C3FF00EA87A0 /* MapProvider.swift in Sources */ = {isa = PBXBuildFile; fileRef = 01DC89CC2607C3FF00EA87A0 /* MapProvider.swift */; };
		01DC89CF26093AF100EA87A0 /* BaseTileOverlay.swift in Sources */ = {isa = PBXBuildFile; fileRef = 01DC89CE26093AF100EA87A0 /* BaseTileOverlay.swift */; };
		01DC89D126093E3700EA87A0 /* OpenTopoMapProvider.swift in Sources */ = {isa = PBXBuildFile; fileRef = 01DC89D026093E3700EA87A0 /* OpenTopoMapProvider.swift */; };
		01E5EBE924FBD7640068E619 /* SectionsUIViewController.swift in Sources */ = {isa = PBXBuildFile; fileRef = 01E5EBE824FBD7640068E619 /* SectionsUIViewController.swift */; };
		01E5EBED24FBD8EF0068E619 /* MapSectionTVC.swift in Sources */ = {isa = PBXBuildFile; fileRef = 01E5EBEC24FBD8EF0068E619 /* MapSectionTVC.swift */; };
		01ED51F52145217A0059618E /* SelectUnitVC.swift in Sources */ = {isa = PBXBuildFile; fileRef = 01ED51F42145217A0059618E /* SelectUnitVC.swift */; };
		01ED51F7214526B60059618E /* UnitSelectCostumTableViewCell.swift in Sources */ = {isa = PBXBuildFile; fileRef = 01ED51F6214526B60059618E /* UnitSelectCostumTableViewCell.swift */; };
		01ED51F921484A060059618E /* SelectInjuryVC.swift in Sources */ = {isa = PBXBuildFile; fileRef = 01ED51F821484A060059618E /* SelectInjuryVC.swift */; };
		01ED51FB21484E310059618E /* SelectInjuryTableVC.swift in Sources */ = {isa = PBXBuildFile; fileRef = 01ED51FA21484E310059618E /* SelectInjuryTableVC.swift */; };
		01F8DB37252B62E600CA97C0 /* HttpServer.swift in Sources */ = {isa = PBXBuildFile; fileRef = 01F8DB36252B62E600CA97C0 /* HttpServer.swift */; };
		01F8DB39252B630F00CA97C0 /* NotificationsViewController.swift in Sources */ = {isa = PBXBuildFile; fileRef = 01F8DB38252B630F00CA97C0 /* NotificationsViewController.swift */; };
		01F8DB3B252B664800CA97C0 /* NotificationsTVC.swift in Sources */ = {isa = PBXBuildFile; fileRef = 01F8DB3A252B664800CA97C0 /* NotificationsTVC.swift */; };
		01F8DB3D252B6AE300CA97C0 /* Notification.swift in Sources */ = {isa = PBXBuildFile; fileRef = 01F8DB3C252B6AE300CA97C0 /* Notification.swift */; };
		01FA9167234D0E4400D7BB27 /* BenutzerListeViewController.swift in Sources */ = {isa = PBXBuildFile; fileRef = 01FA9166234D0E4400D7BB27 /* BenutzerListeViewController.swift */; };
		01FA9169234D0F5000D7BB27 /* BenutzerTableViewCell.swift in Sources */ = {isa = PBXBuildFile; fileRef = 01FA9168234D0F5000D7BB27 /* BenutzerTableViewCell.swift */; };
		01FB07BA22B7E4E9002D6359 /* PDCreator.swift in Sources */ = {isa = PBXBuildFile; fileRef = 01FB07B922B7E4E9002D6359 /* PDCreator.swift */; };
		01FB07BC22CA51A1002D6359 /* ExportVC.swift in Sources */ = {isa = PBXBuildFile; fileRef = 01FB07BB22CA51A1002D6359 /* ExportVC.swift */; };
		5B41E9B3212C5F5300525804 /* AppDelegate.swift in Sources */ = {isa = PBXBuildFile; fileRef = 5B41E9B2212C5F5300525804 /* AppDelegate.swift */; };
		5B41E9B5212C5F5300525804 /* StartVC.swift in Sources */ = {isa = PBXBuildFile; fileRef = 5B41E9B4212C5F5300525804 /* StartVC.swift */; };
		5B41E9B8212C5F5300525804 /* Main.storyboard in Resources */ = {isa = PBXBuildFile; fileRef = 5B41E9B6212C5F5300525804 /* Main.storyboard */; };
		5B41E9BB212C5F5300525804 /* ELRDRG.xcdatamodeld in Sources */ = {isa = PBXBuildFile; fileRef = 5B41E9B9212C5F5300525804 /* ELRDRG.xcdatamodeld */; };
		5B41E9BD212C5F5400525804 /* Assets.xcassets in Resources */ = {isa = PBXBuildFile; fileRef = 5B41E9BC212C5F5400525804 /* Assets.xcassets */; };
		5B41E9C0212C5F5400525804 /* LaunchScreen.storyboard in Resources */ = {isa = PBXBuildFile; fileRef = 5B41E9BE212C5F5400525804 /* LaunchScreen.storyboard */; };
		5B41E9D1212C6CA700525804 /* User.swift in Sources */ = {isa = PBXBuildFile; fileRef = 5B41E9CF212C6CA700525804 /* User.swift */; };
		5B4A6006213C641300844F85 /* DocumentationVC.swift in Sources */ = {isa = PBXBuildFile; fileRef = 5B4A6005213C641300844F85 /* DocumentationVC.swift */; };
		5B4A6009213C654800844F85 /* RoundButton.swift in Sources */ = {isa = PBXBuildFile; fileRef = 5B4A6008213C654800844F85 /* RoundButton.swift */; };
		5B4A600B213C6A2800844F85 /* DocumentationDetailTextVC.swift in Sources */ = {isa = PBXBuildFile; fileRef = 5B4A600A213C6A2800844F85 /* DocumentationDetailTextVC.swift */; };
		5B4A600D213C6EA900844F85 /* DocumentationHandler.swift in Sources */ = {isa = PBXBuildFile; fileRef = 5B4A600C213C6EA900844F85 /* DocumentationHandler.swift */; };
		5B4A600F213C73E100844F85 /* DocumentationTableViewCell.swift in Sources */ = {isa = PBXBuildFile; fileRef = 5B4A600E213C73E100844F85 /* DocumentationTableViewCell.swift */; };
		5B4A6011213C7A4C00844F85 /* DocumentationProtocol.swift in Sources */ = {isa = PBXBuildFile; fileRef = 5B4A6010213C7A4C00844F85 /* DocumentationProtocol.swift */; };
		5B4A6013213D82C800844F85 /* SessionHandler.swift in Sources */ = {isa = PBXBuildFile; fileRef = 5B4A6012213D82C800844F85 /* SessionHandler.swift */; };
		5B4A6015213DAAE800844F85 /* MapVC.swift in Sources */ = {isa = PBXBuildFile; fileRef = 5B4A6014213DAAE800844F85 /* MapVC.swift */; };
		5B4A6017213EFCBF00844F85 /* DocumentationDetailAudioVC.swift in Sources */ = {isa = PBXBuildFile; fileRef = 5B4A6016213EFCBF00844F85 /* DocumentationDetailAudioVC.swift */; };
		5B6D7742212C86B400DDFA2B /* Mission.swift in Sources */ = {isa = PBXBuildFile; fileRef = 5B6D7741212C86B400DDFA2B /* Mission.swift */; };
		5B6D774721304FF400DDFA2B /* Victim.swift in Sources */ = {isa = PBXBuildFile; fileRef = 5B6D774621304FF400DDFA2B /* Victim.swift */; };
		5B6D77492130501100DDFA2B /* Section.swift in Sources */ = {isa = PBXBuildFile; fileRef = 5B6D77482130501100DDFA2B /* Section.swift */; };
		5B6D774B2130501E00DDFA2B /* Unit.swift in Sources */ = {isa = PBXBuildFile; fileRef = 5B6D774A2130501E00DDFA2B /* Unit.swift */; };
		5B6D774D2130502C00DDFA2B /* Injury.swift in Sources */ = {isa = PBXBuildFile; fileRef = 5B6D774C2130502C00DDFA2B /* Injury.swift */; };
		5B6D774F2130503C00DDFA2B /* Documentation.swift in Sources */ = {isa = PBXBuildFile; fileRef = 5B6D774E2130503C00DDFA2B /* Documentation.swift */; };
		5B6D77512130505F00DDFA2B /* Attachment.swift in Sources */ = {isa = PBXBuildFile; fileRef = 5B6D77502130505F00DDFA2B /* Attachment.swift */; };
		5B6D77572130508E00DDFA2B /* BaseInjury.swift in Sources */ = {isa = PBXBuildFile; fileRef = 5B6D77562130508E00DDFA2B /* BaseInjury.swift */; };
		5B6D77592130509900DDFA2B /* BaseHospital.swift in Sources */ = {isa = PBXBuildFile; fileRef = 5B6D77582130509900DDFA2B /* BaseHospital.swift */; };
		5B6D775B213050A300DDFA2B /* BaseUnit.swift in Sources */ = {isa = PBXBuildFile; fileRef = 5B6D775A213050A300DDFA2B /* BaseUnit.swift */; };
		5B6D775D213052AD00DDFA2B /* LoginHandler.swift in Sources */ = {isa = PBXBuildFile; fileRef = 5B6D775C213052AD00DDFA2B /* LoginHandler.swift */; };
		5B6D775F21305AB500DDFA2B /* ColorPicker.xcassets in Resources */ = {isa = PBXBuildFile; fileRef = 5B6D775E21305AB500DDFA2B /* ColorPicker.xcassets */; };
		5B7AE74221319693007552C3 /* LoginProtocol.swift in Sources */ = {isa = PBXBuildFile; fileRef = 5B7AE74121319693007552C3 /* LoginProtocol.swift */; };
		5B84BB8E21315CC100DA1073 /* Shift.swift in Sources */ = {isa = PBXBuildFile; fileRef = 5B84BB8D21315CC100DA1073 /* Shift.swift */; };
		5B84BB90213162AC00DA1073 /* LoginPopupVC.swift in Sources */ = {isa = PBXBuildFile; fileRef = 5B84BB8F213162AC00DA1073 /* LoginPopupVC.swift */; };
		5BB940E32141A121007DDCCC /* DocumentationDetailPhotoVC.swift in Sources */ = {isa = PBXBuildFile; fileRef = 5BB940E22141A121007DDCCC /* DocumentationDetailPhotoVC.swift */; };
		5BF467F0214AD9B200BCE3EF /* DocumentationAudioTableViewCell.swift in Sources */ = {isa = PBXBuildFile; fileRef = 5BF467EF214AD9B200BCE3EF /* DocumentationAudioTableViewCell.swift */; };
/* End PBXBuildFile section */

/* Begin PBXCopyFilesBuildPhase section */
		014692FF25903FC9001EEFB1 /* Embed Frameworks */ = {
			isa = PBXCopyFilesBuildPhase;
			buildActionMask = 2147483647;
			dstPath = "";
			dstSubfolderSpec = 10;
			files = (
			);
			name = "Embed Frameworks";
			runOnlyForDeploymentPostprocessing = 0;
		};
/* End PBXCopyFilesBuildPhase section */

/* Begin PBXFileReference section */
		0100345B2637864C00BEA1F1 /* Server.swift */ = {isa = PBXFileReference; lastKnownFileType = sourcecode.swift; path = Server.swift; sourceTree = "<group>"; };
		010042CB2266561E00E0360D /* fa-regular-400.ttf */ = {isa = PBXFileReference; lastKnownFileType = file; path = "fa-regular-400.ttf"; sourceTree = "<group>"; };
		010042CC2266562600E0360D /* fa-brands-400.ttf */ = {isa = PBXFileReference; lastKnownFileType = file; path = "fa-brands-400.ttf"; sourceTree = "<group>"; };
		010042CE2266562C00E0360D /* fa-solid-900.ttf */ = {isa = PBXFileReference; lastKnownFileType = file; path = "fa-solid-900.ttf"; sourceTree = "<group>"; };
		0106A07F25DB596C008DC22B /* CircleMapOverlay.swift */ = {isa = PBXFileReference; lastKnownFileType = sourcecode.swift; path = CircleMapOverlay.swift; sourceTree = "<group>"; };
		0106A08125DB5D8D008DC22B /* BaseMapOverlay.swift */ = {isa = PBXFileReference; lastKnownFileType = sourcecode.swift; path = BaseMapOverlay.swift; sourceTree = "<group>"; };
		010C475425D62A1F00AF4C54 /* overlayListViewController.swift */ = {isa = PBXFileReference; lastKnownFileType = sourcecode.swift; path = overlayListViewController.swift; sourceTree = "<group>"; };
		010C475625D62AF400AF4C54 /* overlayTVC.swift */ = {isa = PBXFileReference; lastKnownFileType = sourcecode.swift; path = overlayTVC.swift; sourceTree = "<group>"; };
		010CBD1824083F7D0021357D /* Hof41_10_1.png */ = {isa = PBXFileReference; lastKnownFileType = image.png; path = Hof41_10_1.png; sourceTree = "<group>"; };
		010CBD1924083F7D0021357D /* Bell412_drf.png */ = {isa = PBXFileReference; lastKnownFileType = image.png; path = Bell412_drf.png; sourceTree = "<group>"; };
		010CBD1E240A82450021357D /* GeneralSettingsVC.swift */ = {isa = PBXFileReference; lastKnownFileType = sourcecode.swift; path = GeneralSettingsVC.swift; sourceTree = "<group>"; };
		010CBD20240A83650021357D /* SettingsHandler.swift */ = {isa = PBXFileReference; lastKnownFileType = sourcecode.swift; path = SettingsHandler.swift; sourceTree = "<group>"; };
		0110D56725DB720C00B73601 /* BaseMapOverlayTVC.swift */ = {isa = PBXFileReference; lastKnownFileType = sourcecode.swift; path = BaseMapOverlayTVC.swift; sourceTree = "<group>"; };
		0110D56925DCCC3F00B73601 /* RectangleMapOverlay.swift */ = {isa = PBXFileReference; lastKnownFileType = sourcecode.swift; path = RectangleMapOverlay.swift; sourceTree = "<group>"; };
		01225AE5213F19A300033225 /* hospital.png */ = {isa = PBXFileReference; lastKnownFileType = image.png; path = hospital.png; sourceTree = "<group>"; };
		01225AE7213F1B4700033225 /* icon-injury.png */ = {isa = PBXFileReference; lastKnownFileType = image.png; path = "icon-injury.png"; sourceTree = "<group>"; };
		01225AE9213F1B6A00033225 /* InjuryCostumTableViewCell.swift */ = {isa = PBXFileReference; lastKnownFileType = sourcecode.swift; path = InjuryCostumTableViewCell.swift; sourceTree = "<group>"; };
		01229C7D2411A740003BB5F3 /* ExportSettingsViewController.swift */ = {isa = PBXFileReference; lastKnownFileType = sourcecode.swift; path = ExportSettingsViewController.swift; sourceTree = "<group>"; };
		012508062135AED40065FDF0 /* missionProtocol.swift */ = {isa = PBXFileReference; lastKnownFileType = sourcecode.swift; path = missionProtocol.swift; sourceTree = "<group>"; };
		012508092135B3AB0065FDF0 /* MissionCostumTableViewCell.swift */ = {isa = PBXFileReference; lastKnownFileType = sourcecode.swift; path = MissionCostumTableViewCell.swift; sourceTree = "<group>"; };
		0125080B2135DE630065FDF0 /* TabBarVC.swift */ = {isa = PBXFileReference; lastKnownFileType = sourcecode.swift; path = TabBarVC.swift; sourceTree = "<group>"; };
		0125080D2135E9B80065FDF0 /* UebersichtVC.swift */ = {isa = PBXFileReference; lastKnownFileType = sourcecode.swift; path = UebersichtVC.swift; sourceTree = "<group>"; };
		012FE86E23897CBE005D24FD /* ShowUserViewController.swift */ = {isa = PBXFileReference; lastKnownFileType = sourcecode.swift; path = ShowUserViewController.swift; sourceTree = "<group>"; };
		012FE87023897D4D005D24FD /* UserAttributeTableViewCell.swift */ = {isa = PBXFileReference; lastKnownFileType = sourcecode.swift; path = UserAttributeTableViewCell.swift; sourceTree = "<group>"; };
		012FE872238B29E2005D24FD /* AddUserAttributeTableViewCell.swift */ = {isa = PBXFileReference; lastKnownFileType = sourcecode.swift; path = AddUserAttributeTableViewCell.swift; sourceTree = "<group>"; };
		0139BB292566AF5C0047D53C /* NotificationManager.swift */ = {isa = PBXFileReference; lastKnownFileType = sourcecode.swift; path = NotificationManager.swift; sourceTree = "<group>"; };
		0139E48E21516747001970FE /* smallinjurycell.swift */ = {isa = PBXFileReference; lastKnownFileType = sourcecode.swift; path = smallinjurycell.swift; sourceTree = "<group>"; };
		0139E49021541391001970FE /* InjuryTC.swift */ = {isa = PBXFileReference; lastKnownFileType = sourcecode.swift; path = InjuryTC.swift; sourceTree = "<group>"; };
		0139E4972156C87B001970FE /* AbschnittCVC.swift */ = {isa = PBXFileReference; lastKnownFileType = sourcecode.swift; path = AbschnittCVC.swift; sourceTree = "<group>"; };
		0139E4992156C9E2001970FE /* AbschnitteVC.swift */ = {isa = PBXFileReference; lastKnownFileType = sourcecode.swift; path = AbschnitteVC.swift; sourceTree = "<group>"; };
		0139E49B2156D16A001970FE /* SmallPatientTableViewCell.swift */ = {isa = PBXFileReference; lastKnownFileType = sourcecode.swift; path = SmallPatientTableViewCell.swift; sourceTree = "<group>"; };
		0139E49D2156D1E5001970FE /* SmallUnitTableViewCell.swift */ = {isa = PBXFileReference; lastKnownFileType = sourcecode.swift; path = SmallUnitTableViewCell.swift; sourceTree = "<group>"; };
		0139E49F2156D7A3001970FE /* SectionTableViewCell.swift */ = {isa = PBXFileReference; lastKnownFileType = sourcecode.swift; path = SectionTableViewCell.swift; sourceTree = "<group>"; };
		0139E4A12156D983001970FE /* SectionHandler.swift */ = {isa = PBXFileReference; lastKnownFileType = sourcecode.swift; path = SectionHandler.swift; sourceTree = "<group>"; };
		0139E4A421570736001970FE /* sectionUnitFullTableViewCell.swift */ = {isa = PBXFileReference; lastKnownFileType = sourcecode.swift; path = sectionUnitFullTableViewCell.swift; sourceTree = "<group>"; };
		0139E4A62157084C001970FE /* sectionUnitHalfTableViewCell.swift */ = {isa = PBXFileReference; lastKnownFileType = sourcecode.swift; path = sectionUnitHalfTableViewCell.swift; sourceTree = "<group>"; };
		0139E4A8215708D7001970FE /* sectionUnitTableViewCell.swift */ = {isa = PBXFileReference; lastKnownFileType = sourcecode.swift; path = sectionUnitTableViewCell.swift; sourceTree = "<group>"; };
		013A570525CD993B007483E8 /* DrawingMapOverlay.swift */ = {isa = PBXFileReference; lastKnownFileType = sourcecode.swift; path = DrawingMapOverlay.swift; sourceTree = "<group>"; };
		013A571B25D057E0007483E8 /* MapOverlay.swift */ = {isa = PBXFileReference; lastKnownFileType = sourcecode.swift; path = MapOverlay.swift; sourceTree = "<group>"; };
		014200FD23804B3E00C2834C /* Iuk.png */ = {isa = PBXFileReference; lastKnownFileType = image.png; path = Iuk.png; sourceTree = "<group>"; };
		014200FE23804B3E00C2834C /* BRK_KV_LOGO.jpg */ = {isa = PBXFileReference; lastKnownFileType = image.jpeg; path = BRK_KV_LOGO.jpg; sourceTree = "<group>"; };
		014200FF23804B3F00C2834C /* Logo_final_CMYK.png */ = {isa = PBXFileReference; lastKnownFileType = image.png; path = Logo_final_CMYK.png; sourceTree = "<group>"; };
		014201042380617100C2834C /* AddUserViewController.swift */ = {isa = PBXFileReference; lastKnownFileType = sourcecode.swift; path = AddUserViewController.swift; sourceTree = "<group>"; };
		0146EB2923A2BA860003AB41 /* PatientPopOverVC.swift */ = {isa = PBXFileReference; lastKnownFileType = sourcecode.swift; path = PatientPopOverVC.swift; sourceTree = "<group>"; };
		0146EB2B23A2BB830003AB41 /* injuryTVC.swift */ = {isa = PBXFileReference; lastKnownFileType = sourcecode.swift; path = injuryTVC.swift; sourceTree = "<group>"; };
		0146EB2D23A416CF0003AB41 /* UnitsOverViewCVC.swift */ = {isa = PBXFileReference; lastKnownFileType = sourcecode.swift; path = UnitsOverViewCVC.swift; sourceTree = "<group>"; };
		0147B4272638B5F800030DBF /* Log.swift */ = {isa = PBXFileReference; lastKnownFileType = sourcecode.swift; path = Log.swift; sourceTree = "<group>"; };
		014C37D323D6309700605ECB /* ChangeMissionVC.swift */ = {isa = PBXFileReference; lastKnownFileType = sourcecode.swift; path = ChangeMissionVC.swift; sourceTree = "<group>"; };
		014DA89C225F9B1600C42F5C /* Export.swift */ = {isa = PBXFileReference; lastKnownFileType = sourcecode.swift; path = Export.swift; sourceTree = "<group>"; };
		014FCAEF22089C17004C0A33 /* SmallhospitalTableViewCell.swift */ = {isa = PBXFileReference; lastKnownFileType = sourcecode.swift; path = SmallhospitalTableViewCell.swift; sourceTree = "<group>"; };
		015589CD239ED42700BEEAE3 /* DocuCVC.swift */ = {isa = PBXFileReference; lastKnownFileType = sourcecode.swift; path = DocuCVC.swift; sourceTree = "<group>"; };
		015589CF239ED4D300BEEAE3 /* PatientOverViewTVC.swift */ = {isa = PBXFileReference; lastKnownFileType = sourcecode.swift; path = PatientOverViewTVC.swift; sourceTree = "<group>"; };
		0156738E23CA562E00BC2B53 /* Hospital.swift */ = {isa = PBXFileReference; lastKnownFileType = sourcecode.swift; path = Hospital.swift; sourceTree = "<group>"; };
		015872E324B60BA60085A68E /* UnitPattern.swift */ = {isa = PBXFileReference; lastKnownFileType = sourcecode.swift; path = UnitPattern.swift; sourceTree = "<group>"; };
		0161331C267EA3DA008DAE8F /* MissionImageTableViewCell.swift */ = {isa = PBXFileReference; lastKnownFileType = sourcecode.swift; path = MissionImageTableViewCell.swift; sourceTree = "<group>"; };
		0165068E239D6AE600921FAD /* PatientUITVC.swift */ = {isa = PBXFileReference; lastKnownFileType = sourcecode.swift; path = PatientUITVC.swift; sourceTree = "<group>"; };
		01650BAC2249871400886510 /* CreateTempObjectViewController.swift */ = {isa = PBXFileReference; lastKnownFileType = sourcecode.swift; path = CreateTempObjectViewController.swift; sourceTree = "<group>"; };
		01710198258C168E006EFD94 /* BaseEntity.swift */ = {isa = PBXFileReference; lastKnownFileType = sourcecode.swift; path = BaseEntity.swift; sourceTree = "<group>"; };
		0174FE832567A100009DB167 /* AbschnitteSectionTVC.swift */ = {isa = PBXFileReference; lastKnownFileType = sourcecode.swift; path = AbschnitteSectionTVC.swift; sourceTree = "<group>"; };
		0177A9342425137300F35819 /* NoticeBookViewController.swift */ = {isa = PBXFileReference; lastKnownFileType = sourcecode.swift; name = NoticeBookViewController.swift; path = NoticeBook/NoticeBookViewController.swift; sourceTree = "<group>"; };
		017A1DB025901857002D7649 /* StatisticHandler.swift */ = {isa = PBXFileReference; lastKnownFileType = sourcecode.swift; path = StatisticHandler.swift; sourceTree = "<group>"; };
		017A7E992576CDB8001676DA /* DocuTemplatesViewController.swift */ = {isa = PBXFileReference; lastKnownFileType = sourcecode.swift; path = DocuTemplatesViewController.swift; sourceTree = "<group>"; };
		017A7E9C2576CF83001676DA /* DocuTemplateTableViewCell.swift */ = {isa = PBXFileReference; lastKnownFileType = sourcecode.swift; path = DocuTemplateTableViewCell.swift; sourceTree = "<group>"; };
		017A7EA52576D2C3001676DA /* DocuTemplateDetailViewController.swift */ = {isa = PBXFileReference; lastKnownFileType = sourcecode.swift; path = DocuTemplateDetailViewController.swift; sourceTree = "<group>"; };
		017A7EAA2576D575001676DA /* DocumentationTemplate.swift */ = {isa = PBXFileReference; lastKnownFileType = sourcecode.swift; path = DocumentationTemplate.swift; sourceTree = "<group>"; };
		017A7EAD2576EE26001676DA /* DocumentationTemplateTableViewCell.swift */ = {isa = PBXFileReference; lastKnownFileType = sourcecode.swift; path = DocumentationTemplateTableViewCell.swift; sourceTree = "<group>"; };
		018042B6213A7179008B1784 /* PatientenVC.swift */ = {isa = PBXFileReference; lastKnownFileType = sourcecode.swift; path = PatientenVC.swift; sourceTree = "<group>"; };
		018042B8213A7866008B1784 /* PatientCustomTableViewCell.swift */ = {isa = PBXFileReference; lastKnownFileType = sourcecode.swift; path = PatientCustomTableViewCell.swift; sourceTree = "<group>"; };
		018042BB213A9A60008B1784 /* humonbody01.png */ = {isa = PBXFileReference; lastKnownFileType = image.png; path = humonbody01.png; sourceTree = "<group>"; };
		018042BD213A9B98008B1784 /* humanbody02.png */ = {isa = PBXFileReference; lastKnownFileType = image.png; path = humanbody02.png; sourceTree = "<group>"; };
		018042C1213AA1ED008B1784 /* PatientenDetailVC.swift */ = {isa = PBXFileReference; lastKnownFileType = sourcecode.swift; path = PatientenDetailVC.swift; sourceTree = "<group>"; };
		018042C3213BF5C1008B1784 /* SettingsVC.swift */ = {isa = PBXFileReference; lastKnownFileType = sourcecode.swift; path = SettingsVC.swift; sourceTree = "<group>"; };
		018042C5213BFAD1008B1784 /* StammdatenDetailVC.swift */ = {isa = PBXFileReference; lastKnownFileType = sourcecode.swift; path = StammdatenDetailVC.swift; sourceTree = "<group>"; };
		018042C7213BFEF8008B1784 /* StammdatenProtocol.swift */ = {isa = PBXFileReference; lastKnownFileType = sourcecode.swift; path = StammdatenProtocol.swift; sourceTree = "<group>"; };
		018042CB213C0217008B1784 /* CreateUnitVC.swift */ = {isa = PBXFileReference; lastKnownFileType = sourcecode.swift; path = CreateUnitVC.swift; sourceTree = "<group>"; };
		018042CD213DC841008B1784 /* ChooseDokuTypeVC.swift */ = {isa = PBXFileReference; lastKnownFileType = sourcecode.swift; path = ChooseDokuTypeVC.swift; sourceTree = "<group>"; };
		018042D9213EF963008B1784 /* NEF.png */ = {isa = PBXFileReference; lastKnownFileType = image.png; path = NEF.png; sourceTree = "<group>"; };
		018042DA213EF963008B1784 /* RTW.png */ = {isa = PBXFileReference; lastKnownFileType = image.png; path = RTW.png; sourceTree = "<group>"; };
		018042DB213EF963008B1784 /* ITH.png */ = {isa = PBXFileReference; lastKnownFileType = image.png; path = ITH.png; sourceTree = "<group>"; };
		018042DD213EF964008B1784 /* KTW.png */ = {isa = PBXFileReference; lastKnownFileType = image.png; path = KTW.png; sourceTree = "<group>"; };
		018042DE213EF964008B1784 /* RTH.png */ = {isa = PBXFileReference; lastKnownFileType = image.png; path = RTH.png; sourceTree = "<group>"; };
		018042E5213F002F008B1784 /* UnitCostumTableViewCell.swift */ = {isa = PBXFileReference; lastKnownFileType = sourcecode.swift; path = UnitCostumTableViewCell.swift; sourceTree = "<group>"; };
		018042E7213F1812008B1784 /* HosiptalCostumTableViewCell.swift */ = {isa = PBXFileReference; lastKnownFileType = sourcecode.swift; path = HosiptalCostumTableViewCell.swift; sourceTree = "<group>"; };
		0183A587212CA9E7006036FA /* DataHandler.swift */ = {isa = PBXFileReference; lastKnownFileType = sourcecode.swift; path = DataHandler.swift; sourceTree = "<group>"; };
		018A0689265B06B0003B6E90 /* CommanderTableViewCell.swift */ = {isa = PBXFileReference; lastKnownFileType = sourcecode.swift; path = CommanderTableViewCell.swift; sourceTree = "<group>"; };
		018A068B266CE8DC003B6E90 /* MissionGeneralInfoCollectionViewCell.swift */ = {isa = PBXFileReference; lastKnownFileType = sourcecode.swift; path = MissionGeneralInfoCollectionViewCell.swift; sourceTree = "<group>"; };
		018A068E266D6F42003B6E90 /* iMissionMetaDataCVC.swift */ = {isa = PBXFileReference; lastKnownFileType = sourcecode.swift; path = iMissionMetaDataCVC.swift; sourceTree = "<group>"; };
		018A0690267694E6003B6E90 /* MissionCommanderCVC.swift */ = {isa = PBXFileReference; lastKnownFileType = sourcecode.swift; path = MissionCommanderCVC.swift; sourceTree = "<group>"; };
		018A0692267AA43A003B6E90 /* missionCategoryCVC.swift */ = {isa = PBXFileReference; lastKnownFileType = sourcecode.swift; path = missionCategoryCVC.swift; sourceTree = "<group>"; };
		018C6F702573E145005BDC56 /* ExplanationVC.swift */ = {isa = PBXFileReference; lastKnownFileType = sourcecode.swift; path = ExplanationVC.swift; sourceTree = "<group>"; };
		018DDCDE24F0151600BB468E /* SectionMapAnnotation.swift */ = {isa = PBXFileReference; lastKnownFileType = sourcecode.swift; path = SectionMapAnnotation.swift; sourceTree = "<group>"; };
		018DDCE024F0169300BB468E /* UnitMapTableViewCell.swift */ = {isa = PBXFileReference; lastKnownFileType = sourcecode.swift; path = UnitMapTableViewCell.swift; sourceTree = "<group>"; };
		019081C02141A45C00AB7620 /* InjuryHandler.swift */ = {isa = PBXFileReference; lastKnownFileType = sourcecode.swift; path = InjuryHandler.swift; sourceTree = "<group>"; };
		019081C22141A46E00AB7620 /* UnitHandler.swift */ = {isa = PBXFileReference; lastKnownFileType = sourcecode.swift; path = UnitHandler.swift; sourceTree = "<group>"; };
		019081C42141A47B00AB7620 /* HospitalHandler.swift */ = {isa = PBXFileReference; lastKnownFileType = sourcecode.swift; path = HospitalHandler.swift; sourceTree = "<group>"; };
		019081C62141A5F600AB7620 /* UnitProtocol.swift */ = {isa = PBXFileReference; lastKnownFileType = sourcecode.swift; path = UnitProtocol.swift; sourceTree = "<group>"; };
		019081C82141A62F00AB7620 /* HospitalProtocol.swift */ = {isa = PBXFileReference; lastKnownFileType = sourcecode.swift; path = HospitalProtocol.swift; sourceTree = "<group>"; };
		019081CA2141A65900AB7620 /* InjuryProtocol.swift */ = {isa = PBXFileReference; lastKnownFileType = sourcecode.swift; path = InjuryProtocol.swift; sourceTree = "<group>"; };
		019081CC2141ADD200AB7620 /* CreateInjuryVC.swift */ = {isa = PBXFileReference; lastKnownFileType = sourcecode.swift; path = CreateInjuryVC.swift; sourceTree = "<group>"; };
		0193028C267BE11E001D8D3C /* MissionDateCVC.swift */ = {isa = PBXFileReference; lastKnownFileType = sourcecode.swift; path = MissionDateCVC.swift; sourceTree = "<group>"; };
		01A042E424129DB000D15970 /* PatientenExport.swift */ = {isa = PBXFileReference; lastKnownFileType = sourcecode.swift; path = PatientenExport.swift; sourceTree = "<group>"; };
		01A042E62412A1AB00D15970 /* brk_kompaktlogo.png */ = {isa = PBXFileReference; lastKnownFileType = image.png; path = brk_kompaktlogo.png; sourceTree = "<group>"; };
		01A20265233D62C200F70498 /* bootstrap-4.0.0 ELRD.css */ = {isa = PBXFileReference; fileEncoding = 4; lastKnownFileType = text.css; path = "bootstrap-4.0.0 ELRD.css"; sourceTree = "<group>"; };
		01A87CF523F3194C004DA83C /* SectionAnnotation.xib */ = {isa = PBXFileReference; lastKnownFileType = file.xib; path = SectionAnnotation.xib; sourceTree = "<group>"; };
		01A87CF823F3228E004DA83C /* UnitXIBCustomTableViewCell.swift */ = {isa = PBXFileReference; lastKnownFileType = sourcecode.swift; path = UnitXIBCustomTableViewCell.swift; sourceTree = "<group>"; };
		01A87CFA23F32362004DA83C /* SectionAnnotationView.swift */ = {isa = PBXFileReference; lastKnownFileType = sourcecode.swift; path = SectionAnnotationView.swift; sourceTree = "<group>"; };
		01ADBEB02637735B00A386EC /* StammdatenServerViewController.swift */ = {isa = PBXFileReference; lastKnownFileType = sourcecode.swift; path = StammdatenServerViewController.swift; sourceTree = "<group>"; };
		01BFFA2C239D4FC200688341 /* PatientCVC.swift */ = {isa = PBXFileReference; lastKnownFileType = sourcecode.swift; path = PatientCVC.swift; sourceTree = "<group>"; };
		01C3853925DDD98E001C35DE /* MapDrawingOverlay.swift */ = {isa = PBXFileReference; lastKnownFileType = sourcecode.swift; path = MapDrawingOverlay.swift; sourceTree = "<group>"; };
		01C4F47A215AA94B008B5B82 /* StammdatenImport.swift */ = {isa = PBXFileReference; lastKnownFileType = sourcecode.swift; path = StammdatenImport.swift; sourceTree = "<group>"; };
		01C4F47C215E5F40008B5B82 /* CategorySegment.swift */ = {isa = PBXFileReference; lastKnownFileType = sourcecode.swift; path = CategorySegment.swift; sourceTree = "<group>"; };
		01C4F482215F92F7008B5B82 /* spine-png-4.png */ = {isa = PBXFileReference; lastKnownFileType = image.png; path = "spine-png-4.png"; sourceTree = "<group>"; };
		01C4F48521628CF9008B5B82 /* Kat-KTW.png */ = {isa = PBXFileReference; lastKnownFileType = image.png; path = "Kat-KTW.png"; sourceTree = "<group>"; };
		01C4F48621628CFA008B5B82 /* MTW.png */ = {isa = PBXFileReference; lastKnownFileType = image.png; path = MTW.png; sourceTree = "<group>"; };
		01C662A123A0344000BD6AFE /* TextDocuTVC.swift */ = {isa = PBXFileReference; lastKnownFileType = sourcecode.swift; path = TextDocuTVC.swift; sourceTree = "<group>"; };
		01C662A323A04A5600BD6AFE /* UnitsCVC.swift */ = {isa = PBXFileReference; lastKnownFileType = sourcecode.swift; path = UnitsCVC.swift; sourceTree = "<group>"; };
		01C662A523A0534E00BD6AFE /* UnitCVC.swift */ = {isa = PBXFileReference; lastKnownFileType = sourcecode.swift; path = UnitCVC.swift; sourceTree = "<group>"; };
		01D7BEAD258C20BA009BA463 /* dbIDManager.swift */ = {isa = PBXFileReference; lastKnownFileType = sourcecode.swift; path = dbIDManager.swift; sourceTree = "<group>"; };
		01D9025F23BB8136009F9E75 /* LocationHandler.swift */ = {isa = PBXFileReference; lastKnownFileType = sourcecode.swift; path = LocationHandler.swift; sourceTree = "<group>"; };
		01DC89CA2607963800EA87A0 /* OpenStreetMapOverlay.swift */ = {isa = PBXFileReference; lastKnownFileType = sourcecode.swift; path = OpenStreetMapOverlay.swift; sourceTree = "<group>"; };
		01DC89CC2607C3FF00EA87A0 /* MapProvider.swift */ = {isa = PBXFileReference; lastKnownFileType = sourcecode.swift; path = MapProvider.swift; sourceTree = "<group>"; };
		01DC89CE26093AF100EA87A0 /* BaseTileOverlay.swift */ = {isa = PBXFileReference; lastKnownFileType = sourcecode.swift; path = BaseTileOverlay.swift; sourceTree = "<group>"; };
		01DC89D026093E3700EA87A0 /* OpenTopoMapProvider.swift */ = {isa = PBXFileReference; lastKnownFileType = sourcecode.swift; path = OpenTopoMapProvider.swift; sourceTree = "<group>"; };
		01E5EBE824FBD7640068E619 /* SectionsUIViewController.swift */ = {isa = PBXFileReference; lastKnownFileType = sourcecode.swift; path = SectionsUIViewController.swift; sourceTree = "<group>"; };
		01E5EBEC24FBD8EF0068E619 /* MapSectionTVC.swift */ = {isa = PBXFileReference; lastKnownFileType = sourcecode.swift; path = MapSectionTVC.swift; sourceTree = "<group>"; };
		01ED51F42145217A0059618E /* SelectUnitVC.swift */ = {isa = PBXFileReference; lastKnownFileType = sourcecode.swift; path = SelectUnitVC.swift; sourceTree = "<group>"; };
		01ED51F6214526B60059618E /* UnitSelectCostumTableViewCell.swift */ = {isa = PBXFileReference; lastKnownFileType = sourcecode.swift; path = UnitSelectCostumTableViewCell.swift; sourceTree = "<group>"; };
		01ED51F821484A060059618E /* SelectInjuryVC.swift */ = {isa = PBXFileReference; lastKnownFileType = sourcecode.swift; path = SelectInjuryVC.swift; sourceTree = "<group>"; };
		01ED51FA21484E310059618E /* SelectInjuryTableVC.swift */ = {isa = PBXFileReference; lastKnownFileType = sourcecode.swift; path = SelectInjuryTableVC.swift; sourceTree = "<group>"; };
		01F8DB36252B62E600CA97C0 /* HttpServer.swift */ = {isa = PBXFileReference; lastKnownFileType = sourcecode.swift; path = HttpServer.swift; sourceTree = "<group>"; };
		01F8DB38252B630F00CA97C0 /* NotificationsViewController.swift */ = {isa = PBXFileReference; lastKnownFileType = sourcecode.swift; path = NotificationsViewController.swift; sourceTree = "<group>"; };
		01F8DB3A252B664800CA97C0 /* NotificationsTVC.swift */ = {isa = PBXFileReference; lastKnownFileType = sourcecode.swift; path = NotificationsTVC.swift; sourceTree = "<group>"; };
		01F8DB3C252B6AE300CA97C0 /* Notification.swift */ = {isa = PBXFileReference; lastKnownFileType = sourcecode.swift; path = Notification.swift; sourceTree = "<group>"; };
		01FA9166234D0E4400D7BB27 /* BenutzerListeViewController.swift */ = {isa = PBXFileReference; lastKnownFileType = sourcecode.swift; path = BenutzerListeViewController.swift; sourceTree = "<group>"; };
		01FA9168234D0F5000D7BB27 /* BenutzerTableViewCell.swift */ = {isa = PBXFileReference; lastKnownFileType = sourcecode.swift; path = BenutzerTableViewCell.swift; sourceTree = "<group>"; };
		01FB07B922B7E4E9002D6359 /* PDCreator.swift */ = {isa = PBXFileReference; lastKnownFileType = sourcecode.swift; path = PDCreator.swift; sourceTree = "<group>"; };
		01FB07BB22CA51A1002D6359 /* ExportVC.swift */ = {isa = PBXFileReference; lastKnownFileType = sourcecode.swift; path = ExportVC.swift; sourceTree = "<group>"; };
		5B41E9AF212C5F5300525804 /* ELRDRG.app */ = {isa = PBXFileReference; explicitFileType = wrapper.application; includeInIndex = 0; path = ELRDRG.app; sourceTree = BUILT_PRODUCTS_DIR; };
		5B41E9B2212C5F5300525804 /* AppDelegate.swift */ = {isa = PBXFileReference; lastKnownFileType = sourcecode.swift; path = AppDelegate.swift; sourceTree = "<group>"; };
		5B41E9B4212C5F5300525804 /* StartVC.swift */ = {isa = PBXFileReference; lastKnownFileType = sourcecode.swift; path = StartVC.swift; sourceTree = "<group>"; };
		5B41E9B7212C5F5300525804 /* Base */ = {isa = PBXFileReference; lastKnownFileType = file.storyboard; name = Base; path = Base.lproj/Main.storyboard; sourceTree = "<group>"; };
		5B41E9BA212C5F5300525804 /* ELRDRG.xcdatamodel */ = {isa = PBXFileReference; lastKnownFileType = wrapper.xcdatamodel; path = ELRDRG.xcdatamodel; sourceTree = "<group>"; };
		5B41E9BC212C5F5400525804 /* Assets.xcassets */ = {isa = PBXFileReference; lastKnownFileType = folder.assetcatalog; path = Assets.xcassets; sourceTree = "<group>"; };
		5B41E9BF212C5F5400525804 /* Base */ = {isa = PBXFileReference; lastKnownFileType = file.storyboard; name = Base; path = Base.lproj/LaunchScreen.storyboard; sourceTree = "<group>"; };
		5B41E9C1212C5F5400525804 /* Info.plist */ = {isa = PBXFileReference; lastKnownFileType = text.plist.xml; path = Info.plist; sourceTree = "<group>"; };
		5B41E9CF212C6CA700525804 /* User.swift */ = {isa = PBXFileReference; lastKnownFileType = sourcecode.swift; path = User.swift; sourceTree = "<group>"; };
		5B4A6005213C641300844F85 /* DocumentationVC.swift */ = {isa = PBXFileReference; lastKnownFileType = sourcecode.swift; path = DocumentationVC.swift; sourceTree = "<group>"; };
		5B4A6008213C654800844F85 /* RoundButton.swift */ = {isa = PBXFileReference; lastKnownFileType = sourcecode.swift; path = RoundButton.swift; sourceTree = "<group>"; };
		5B4A600A213C6A2800844F85 /* DocumentationDetailTextVC.swift */ = {isa = PBXFileReference; lastKnownFileType = sourcecode.swift; path = DocumentationDetailTextVC.swift; sourceTree = "<group>"; };
		5B4A600C213C6EA900844F85 /* DocumentationHandler.swift */ = {isa = PBXFileReference; lastKnownFileType = sourcecode.swift; path = DocumentationHandler.swift; sourceTree = "<group>"; };
		5B4A600E213C73E100844F85 /* DocumentationTableViewCell.swift */ = {isa = PBXFileReference; lastKnownFileType = sourcecode.swift; path = DocumentationTableViewCell.swift; sourceTree = "<group>"; };
		5B4A6010213C7A4C00844F85 /* DocumentationProtocol.swift */ = {isa = PBXFileReference; lastKnownFileType = sourcecode.swift; path = DocumentationProtocol.swift; sourceTree = "<group>"; };
		5B4A6012213D82C800844F85 /* SessionHandler.swift */ = {isa = PBXFileReference; lastKnownFileType = sourcecode.swift; path = SessionHandler.swift; sourceTree = "<group>"; };
		5B4A6014213DAAE800844F85 /* MapVC.swift */ = {isa = PBXFileReference; lastKnownFileType = sourcecode.swift; path = MapVC.swift; sourceTree = "<group>"; };
		5B4A6016213EFCBF00844F85 /* DocumentationDetailAudioVC.swift */ = {isa = PBXFileReference; lastKnownFileType = sourcecode.swift; path = DocumentationDetailAudioVC.swift; sourceTree = "<group>"; };
		5B6D7741212C86B400DDFA2B /* Mission.swift */ = {isa = PBXFileReference; lastKnownFileType = sourcecode.swift; path = Mission.swift; sourceTree = "<group>"; };
		5B6D774621304FF400DDFA2B /* Victim.swift */ = {isa = PBXFileReference; lastKnownFileType = sourcecode.swift; path = Victim.swift; sourceTree = "<group>"; };
		5B6D77482130501100DDFA2B /* Section.swift */ = {isa = PBXFileReference; lastKnownFileType = sourcecode.swift; path = Section.swift; sourceTree = "<group>"; };
		5B6D774A2130501E00DDFA2B /* Unit.swift */ = {isa = PBXFileReference; lastKnownFileType = sourcecode.swift; path = Unit.swift; sourceTree = "<group>"; };
		5B6D774C2130502C00DDFA2B /* Injury.swift */ = {isa = PBXFileReference; lastKnownFileType = sourcecode.swift; path = Injury.swift; sourceTree = "<group>"; };
		5B6D774E2130503C00DDFA2B /* Documentation.swift */ = {isa = PBXFileReference; lastKnownFileType = sourcecode.swift; path = Documentation.swift; sourceTree = "<group>"; };
		5B6D77502130505F00DDFA2B /* Attachment.swift */ = {isa = PBXFileReference; lastKnownFileType = sourcecode.swift; path = Attachment.swift; sourceTree = "<group>"; };
		5B6D77562130508E00DDFA2B /* BaseInjury.swift */ = {isa = PBXFileReference; lastKnownFileType = sourcecode.swift; path = BaseInjury.swift; sourceTree = "<group>"; };
		5B6D77582130509900DDFA2B /* BaseHospital.swift */ = {isa = PBXFileReference; lastKnownFileType = sourcecode.swift; path = BaseHospital.swift; sourceTree = "<group>"; };
		5B6D775A213050A300DDFA2B /* BaseUnit.swift */ = {isa = PBXFileReference; lastKnownFileType = sourcecode.swift; path = BaseUnit.swift; sourceTree = "<group>"; };
		5B6D775C213052AD00DDFA2B /* LoginHandler.swift */ = {isa = PBXFileReference; lastKnownFileType = sourcecode.swift; path = LoginHandler.swift; sourceTree = "<group>"; };
		5B6D775E21305AB500DDFA2B /* ColorPicker.xcassets */ = {isa = PBXFileReference; lastKnownFileType = folder.assetcatalog; path = ColorPicker.xcassets; sourceTree = "<group>"; };
		5B7AE74121319693007552C3 /* LoginProtocol.swift */ = {isa = PBXFileReference; lastKnownFileType = sourcecode.swift; path = LoginProtocol.swift; sourceTree = "<group>"; };
		5B84BB8D21315CC100DA1073 /* Shift.swift */ = {isa = PBXFileReference; lastKnownFileType = sourcecode.swift; path = Shift.swift; sourceTree = "<group>"; };
		5B84BB8F213162AC00DA1073 /* LoginPopupVC.swift */ = {isa = PBXFileReference; lastKnownFileType = sourcecode.swift; path = LoginPopupVC.swift; sourceTree = "<group>"; };
		5BB940E22141A121007DDCCC /* DocumentationDetailPhotoVC.swift */ = {isa = PBXFileReference; lastKnownFileType = sourcecode.swift; path = DocumentationDetailPhotoVC.swift; sourceTree = "<group>"; };
		5BF467EF214AD9B200BCE3EF /* DocumentationAudioTableViewCell.swift */ = {isa = PBXFileReference; lastKnownFileType = sourcecode.swift; path = DocumentationAudioTableViewCell.swift; sourceTree = "<group>"; };
/* End PBXFileReference section */

/* Begin PBXFrameworksBuildPhase section */
		5B41E9AC212C5F5300525804 /* Frameworks */ = {
			isa = PBXFrameworksBuildPhase;
			buildActionMask = 2147483647;
			files = (
				016308FA2564043B00E3D091 /* HttpSwift in Frameworks */,
			);
			runOnlyForDeploymentPostprocessing = 0;
		};
/* End PBXFrameworksBuildPhase section */

/* Begin PBXGroup section */
		0110D56B25DDC96B00B73601 /* MapOverlays */ = {
			isa = PBXGroup;
			children = (
				013A571B25D057E0007483E8 /* MapOverlay.swift */,
				0106A08125DB5D8D008DC22B /* BaseMapOverlay.swift */,
				0106A07F25DB596C008DC22B /* CircleMapOverlay.swift */,
				0110D56925DCCC3F00B73601 /* RectangleMapOverlay.swift */,
				01C3853925DDD98E001C35DE /* MapDrawingOverlay.swift */,
			);
			path = MapOverlays;
			sourceTree = "<group>";
		};
		012508082135B2D40065FDF0 /* CostumViewCell */ = {
			isa = PBXGroup;
			children = (
				0146EB2B23A2BB830003AB41 /* injuryTVC.swift */,
				0146EB2923A2BA860003AB41 /* PatientPopOverVC.swift */,
				01C4F47C215E5F40008B5B82 /* CategorySegment.swift */,
				012508092135B3AB0065FDF0 /* MissionCostumTableViewCell.swift */,
				018042B8213A7866008B1784 /* PatientCustomTableViewCell.swift */,
				5B4A600E213C73E100844F85 /* DocumentationTableViewCell.swift */,
				018042E5213F002F008B1784 /* UnitCostumTableViewCell.swift */,
				01ED51F6214526B60059618E /* UnitSelectCostumTableViewCell.swift */,
				018042E7213F1812008B1784 /* HosiptalCostumTableViewCell.swift */,
				01225AE9213F1B6A00033225 /* InjuryCostumTableViewCell.swift */,
				5BF467EF214AD9B200BCE3EF /* DocumentationAudioTableViewCell.swift */,
				0139E48E21516747001970FE /* smallinjurycell.swift */,
				0139E4972156C87B001970FE /* AbschnittCVC.swift */,
				0139E49B2156D16A001970FE /* SmallPatientTableViewCell.swift */,
				0139E49F2156D7A3001970FE /* SectionTableViewCell.swift */,
				014FCAEF22089C17004C0A33 /* SmallhospitalTableViewCell.swift */,
				0174FE832567A100009DB167 /* AbschnitteSectionTVC.swift */,
			);
			path = CostumViewCell;
			sourceTree = "<group>";
		};
		0139E4922156C63A001970FE /* Patienten */ = {
			isa = PBXGroup;
			children = (
				018042B6213A7179008B1784 /* PatientenVC.swift */,
				018042C1213AA1ED008B1784 /* PatientenDetailVC.swift */,
				01ED51F42145217A0059618E /* SelectUnitVC.swift */,
				01ED51F821484A060059618E /* SelectInjuryVC.swift */,
				0139E49021541391001970FE /* InjuryTC.swift */,
				01ED51FA21484E310059618E /* SelectInjuryTableVC.swift */,
			);
			path = Patienten;
			sourceTree = "<group>";
		};
		0139E4932156C65E001970FE /* Login */ = {
			isa = PBXGroup;
			children = (
				5B41E9B4212C5F5300525804 /* StartVC.swift */,
				5B84BB8F213162AC00DA1073 /* LoginPopupVC.swift */,
				018A0689265B06B0003B6E90 /* CommanderTableViewCell.swift */,
				0161331C267EA3DA008DAE8F /* MissionImageTableViewCell.swift */,
			);
			path = Login;
			sourceTree = "<group>";
		};
		0139E4942156C6CF001970FE /* Dokumentation */ = {
			isa = PBXGroup;
			children = (
				5BB940E22141A121007DDCCC /* DocumentationDetailPhotoVC.swift */,
				018042CD213DC841008B1784 /* ChooseDokuTypeVC.swift */,
				5B4A600A213C6A2800844F85 /* DocumentationDetailTextVC.swift */,
				5B4A6005213C641300844F85 /* DocumentationVC.swift */,
				5B4A6016213EFCBF00844F85 /* DocumentationDetailAudioVC.swift */,
				01FB07BB22CA51A1002D6359 /* ExportVC.swift */,
				017A7EAD2576EE26001676DA /* DocumentationTemplateTableViewCell.swift */,
			);
			path = Dokumentation;
			sourceTree = "<group>";
		};
		0139E4952156C719001970FE /* Stammdaten */ = {
			isa = PBXGroup;
			children = (
				017A7EA22576D1AA001676DA /* DocuTemplates */,
				018042C5213BFAD1008B1784 /* StammdatenDetailVC.swift */,
				018042CB213C0217008B1784 /* CreateUnitVC.swift */,
				019081CC2141ADD200AB7620 /* CreateInjuryVC.swift */,
				018042C3213BF5C1008B1784 /* SettingsVC.swift */,
				01FA9166234D0E4400D7BB27 /* BenutzerListeViewController.swift */,
				01FA9168234D0F5000D7BB27 /* BenutzerTableViewCell.swift */,
				010CBD1E240A82450021357D /* GeneralSettingsVC.swift */,
				01ADBEB02637735B00A386EC /* StammdatenServerViewController.swift */,
			);
			path = Stammdaten;
			sourceTree = "<group>";
		};
		0139E4962156C7DC001970FE /* Abschnitte */ = {
			isa = PBXGroup;
			children = (
				0139E4992156C9E2001970FE /* AbschnitteVC.swift */,
				01650BAC2249871400886510 /* CreateTempObjectViewController.swift */,
			);
			path = Abschnitte;
			sourceTree = "<group>";
		};
		0139E4A321570607001970FE /* CostumViewCellsAbschnitte */ = {
			isa = PBXGroup;
			children = (
				0139E49D2156D1E5001970FE /* SmallUnitTableViewCell.swift */,
				0139E4A421570736001970FE /* sectionUnitFullTableViewCell.swift */,
				0139E4A62157084C001970FE /* sectionUnitHalfTableViewCell.swift */,
				0139E4A8215708D7001970FE /* sectionUnitTableViewCell.swift */,
			);
			path = CostumViewCellsAbschnitte;
			sourceTree = "<group>";
		};
		014201032380615600C2834C /* Benutzer */ = {
			isa = PBXGroup;
			children = (
				014201042380617100C2834C /* AddUserViewController.swift */,
				012FE86E23897CBE005D24FD /* ShowUserViewController.swift */,
				012FE87023897D4D005D24FD /* UserAttributeTableViewCell.swift */,
				012FE872238B29E2005D24FD /* AddUserAttributeTableViewCell.swift */,
			);
			path = Benutzer;
			sourceTree = "<group>";
		};
		016308F72564013900E3D091 /* Frameworks */ = {
			isa = PBXGroup;
			children = (
			);
			name = Frameworks;
			sourceTree = "<group>";
		};
		017A7EA22576D1AA001676DA /* DocuTemplates */ = {
			isa = PBXGroup;
			children = (
				017A7E9C2576CF83001676DA /* DocuTemplateTableViewCell.swift */,
				017A7E992576CDB8001676DA /* DocuTemplatesViewController.swift */,
				017A7EA52576D2C3001676DA /* DocuTemplateDetailViewController.swift */,
			);
			path = DocuTemplates;
			sourceTree = "<group>";
		};
		018042BA213A9A3D008B1784 /* Images */ = {
			isa = PBXGroup;
			children = (
				01A042E62412A1AB00D15970 /* brk_kompaktlogo.png */,
				010CBD1924083F7D0021357D /* Bell412_drf.png */,
				010CBD1824083F7D0021357D /* Hof41_10_1.png */,
				014200FE23804B3E00C2834C /* BRK_KV_LOGO.jpg */,
				014200FD23804B3E00C2834C /* Iuk.png */,
				014200FF23804B3F00C2834C /* Logo_final_CMYK.png */,
				01C4F48621628CFA008B5B82 /* MTW.png */,
				01C4F48521628CF9008B5B82 /* Kat-KTW.png */,
				01C4F482215F92F7008B5B82 /* spine-png-4.png */,
				01225AE7213F1B4700033225 /* icon-injury.png */,
				01225AE5213F19A300033225 /* hospital.png */,
				018042DE213EF964008B1784 /* RTH.png */,
				018042DB213EF963008B1784 /* ITH.png */,
				018042DA213EF963008B1784 /* RTW.png */,
				018042DD213EF964008B1784 /* KTW.png */,
				018042D9213EF963008B1784 /* NEF.png */,
				018042BD213A9B98008B1784 /* humanbody02.png */,
				018042BB213A9A60008B1784 /* humonbody01.png */,
			);
			path = Images;
			sourceTree = "<group>";
		};
		0183A589212CA9EE006036FA /* Klassen */ = {
			isa = PBXGroup;
			children = (
				017A1DB025901857002D7649 /* StatisticHandler.swift */,
				01D7BEAD258C20BA009BA463 /* dbIDManager.swift */,
				0183A587212CA9E7006036FA /* DataHandler.swift */,
				5B6D775C213052AD00DDFA2B /* LoginHandler.swift */,
				5B4A600C213C6EA900844F85 /* DocumentationHandler.swift */,
				5B4A6012213D82C800844F85 /* SessionHandler.swift */,
				019081C02141A45C00AB7620 /* InjuryHandler.swift */,
				019081C22141A46E00AB7620 /* UnitHandler.swift */,
				019081C42141A47B00AB7620 /* HospitalHandler.swift */,
				0139E4A12156D983001970FE /* SectionHandler.swift */,
				01C4F47A215AA94B008B5B82 /* StammdatenImport.swift */,
				014DA89C225F9B1600C42F5C /* Export.swift */,
				01FB07B922B7E4E9002D6359 /* PDCreator.swift */,
				01D9025F23BB8136009F9E75 /* LocationHandler.swift */,
				010CBD20240A83650021357D /* SettingsHandler.swift */,
				01A042E424129DB000D15970 /* PatientenExport.swift */,
				015872E324B60BA60085A68E /* UnitPattern.swift */,
				018DDCDE24F0151600BB468E /* SectionMapAnnotation.swift */,
				018DDCE024F0169300BB468E /* UnitMapTableViewCell.swift */,
			);
			name = Klassen;
			path = "New Group";
			sourceTree = "<group>";
		};
		018A068D266D6EFC003B6E90 /* EinsatzMetadaten */ = {
			isa = PBXGroup;
			children = (
				0193028B267BE0DC001D8D3C /* CollectionViewCells */,
				014C37D323D6309700605ECB /* ChangeMissionVC.swift */,
				018A068E266D6F42003B6E90 /* iMissionMetaDataCVC.swift */,
			);
			path = EinsatzMetadaten;
			sourceTree = "<group>";
		};
		0193028B267BE0DC001D8D3C /* CollectionViewCells */ = {
			isa = PBXGroup;
			children = (
				018A0692267AA43A003B6E90 /* missionCategoryCVC.swift */,
				018A0690267694E6003B6E90 /* MissionCommanderCVC.swift */,
				018A068B266CE8DC003B6E90 /* MissionGeneralInfoCollectionViewCell.swift */,
				0193028C267BE11E001D8D3C /* MissionDateCVC.swift */,
			);
			path = CollectionViewCells;
			sourceTree = "<group>";
		};
		01A20264233D62A100F70498 /* HTML */ = {
			isa = PBXGroup;
			children = (
				01A20265233D62C200F70498 /* bootstrap-4.0.0 ELRD.css */,
			);
			path = HTML;
			sourceTree = "<group>";
		};
		01A87CF723F32021004DA83C /* Custom Anotation */ = {
			isa = PBXGroup;
			children = (
				01A87CF523F3194C004DA83C /* SectionAnnotation.xib */,
				01A87CF823F3228E004DA83C /* UnitXIBCustomTableViewCell.swift */,
				01A87CFA23F32362004DA83C /* SectionAnnotationView.swift */,
			);
			path = "Custom Anotation";
			sourceTree = "<group>";
		};
		01BFFA2A239D4F1B00688341 /* Übersicht */ = {
			isa = PBXGroup;
			children = (
				0125080D2135E9B80065FDF0 /* UebersichtVC.swift */,
				01BFFA2C239D4FC200688341 /* PatientCVC.swift */,
				0165068E239D6AE600921FAD /* PatientUITVC.swift */,
				015589CD239ED42700BEEAE3 /* DocuCVC.swift */,
				015589CF239ED4D300BEEAE3 /* PatientOverViewTVC.swift */,
				01C662A123A0344000BD6AFE /* TextDocuTVC.swift */,
				01C662A323A04A5600BD6AFE /* UnitsCVC.swift */,
				01C662A523A0534E00BD6AFE /* UnitCVC.swift */,
				0146EB2D23A416CF0003AB41 /* UnitsOverViewCVC.swift */,
				01229C7D2411A740003BB5F3 /* ExportSettingsViewController.swift */,
			);
			name = "Übersicht";
			path = "Übersicht";
			sourceTree = "<group>";
		};
		01BFFA2B239D4F2F00688341 /* MAP */ = {
			isa = PBXGroup;
			children = (
				01DC89D226093E4000EA87A0 /* MapProvider */,
				5B4A6014213DAAE800844F85 /* MapVC.swift */,
				01E5EBE824FBD7640068E619 /* SectionsUIViewController.swift */,
				01E5EBEC24FBD8EF0068E619 /* MapSectionTVC.swift */,
				018C6F702573E145005BDC56 /* ExplanationVC.swift */,
				013A570525CD993B007483E8 /* DrawingMapOverlay.swift */,
				010C475425D62A1F00AF4C54 /* overlayListViewController.swift */,
				010C475625D62AF400AF4C54 /* overlayTVC.swift */,
				0110D56725DB720C00B73601 /* BaseMapOverlayTVC.swift */,
			);
			path = MAP;
			sourceTree = "<group>";
		};
		01C4F4842162684A008B5B82 /* CostumUIElements */ = {
			isa = PBXGroup;
			children = (
				01A87CF723F32021004DA83C /* Custom Anotation */,
				5B4A6007213C652800844F85 /* Helper */,
				012508082135B2D40065FDF0 /* CostumViewCell */,
				0139E4A321570607001970FE /* CostumViewCellsAbschnitte */,
			);
			path = CostumUIElements;
			sourceTree = "<group>";
		};
		01DC89D226093E4000EA87A0 /* MapProvider */ = {
			isa = PBXGroup;
			children = (
				01DC89CA2607963800EA87A0 /* OpenStreetMapOverlay.swift */,
				01DC89D026093E3700EA87A0 /* OpenTopoMapProvider.swift */,
				01DC89CE26093AF100EA87A0 /* BaseTileOverlay.swift */,
				01DC89CC2607C3FF00EA87A0 /* MapProvider.swift */,
			);
			path = MapProvider;
			sourceTree = "<group>";
		};
		01F8DB35252B629A00CA97C0 /* Notifications */ = {
			isa = PBXGroup;
			children = (
				01F8DB36252B62E600CA97C0 /* HttpServer.swift */,
				01F8DB38252B630F00CA97C0 /* NotificationsViewController.swift */,
				01F8DB3A252B664800CA97C0 /* NotificationsTVC.swift */,
				0139BB292566AF5C0047D53C /* NotificationManager.swift */,
			);
			path = Notifications;
			sourceTree = "<group>";
		};
		5B41E9A6212C5F5300525804 = {
			isa = PBXGroup;
			children = (
				5B41E9B1212C5F5300525804 /* ELRDRG */,
				5B41E9B0212C5F5300525804 /* Products */,
				016308F72564013900E3D091 /* Frameworks */,
			);
			sourceTree = "<group>";
		};
		5B41E9B0212C5F5300525804 /* Products */ = {
			isa = PBXGroup;
			children = (
				5B41E9AF212C5F5300525804 /* ELRDRG.app */,
			);
			name = Products;
			sourceTree = "<group>";
		};
		5B41E9B1212C5F5300525804 /* ELRDRG */ = {
			isa = PBXGroup;
			children = (
				01A20264233D62A100F70498 /* HTML */,
				01C4F4842162684A008B5B82 /* CostumUIElements */,
				018042BA213A9A3D008B1784 /* Images */,
				5B6D775E21305AB500DDFA2B /* ColorPicker.xcassets */,
				5B41E9C7212C64F300525804 /* Models */,
				5B6D7743212C888400DDFA2B /* ViewController */,
				0183A589212CA9EE006036FA /* Klassen */,
				5B7AE74021319660007552C3 /* Protocols */,
				5B41E9BE212C5F5400525804 /* LaunchScreen.storyboard */,
				5B41E9B6212C5F5300525804 /* Main.storyboard */,
				5B41E9B2212C5F5300525804 /* AppDelegate.swift */,
				5B41E9C1212C5F5400525804 /* Info.plist */,
				5B41E9BC212C5F5400525804 /* Assets.xcassets */,
				5B41E9B9212C5F5300525804 /* ELRDRG.xcdatamodeld */,
			);
			path = ELRDRG;
			sourceTree = "<group>";
		};
		5B41E9C7212C64F300525804 /* Models */ = {
			isa = PBXGroup;
			children = (
				0110D56B25DDC96B00B73601 /* MapOverlays */,
				5B6D774E2130503C00DDFA2B /* Documentation.swift */,
				5B41E9CF212C6CA700525804 /* User.swift */,
				5B6D77502130505F00DDFA2B /* Attachment.swift */,
				5B6D7741212C86B400DDFA2B /* Mission.swift */,
				5B6D774621304FF400DDFA2B /* Victim.swift */,
				5B6D77482130501100DDFA2B /* Section.swift */,
				5B6D774A2130501E00DDFA2B /* Unit.swift */,
				5B6D774C2130502C00DDFA2B /* Injury.swift */,
				5B6D77562130508E00DDFA2B /* BaseInjury.swift */,
				5B6D77582130509900DDFA2B /* BaseHospital.swift */,
				5B6D775A213050A300DDFA2B /* BaseUnit.swift */,
				5B84BB8D21315CC100DA1073 /* Shift.swift */,
				0156738E23CA562E00BC2B53 /* Hospital.swift */,
				01F8DB3C252B6AE300CA97C0 /* Notification.swift */,
				017A7EAA2576D575001676DA /* DocumentationTemplate.swift */,
				01710198258C168E006EFD94 /* BaseEntity.swift */,
				0100345B2637864C00BEA1F1 /* Server.swift */,
				0147B4272638B5F800030DBF /* Log.swift */,
			);
			path = Models;
			sourceTree = "<group>";
		};
		5B4A6007213C652800844F85 /* Helper */ = {
			isa = PBXGroup;
			children = (
				010042CE2266562C00E0360D /* fa-solid-900.ttf */,
				010042CC2266562600E0360D /* fa-brands-400.ttf */,
				010042CB2266561E00E0360D /* fa-regular-400.ttf */,
				5B4A6008213C654800844F85 /* RoundButton.swift */,
			);
			path = Helper;
			sourceTree = "<group>";
		};
		5B6D7743212C888400DDFA2B /* ViewController */ = {
			isa = PBXGroup;
			children = (
				0125080B2135DE630065FDF0 /* TabBarVC.swift */,
				01F8DB35252B629A00CA97C0 /* Notifications */,
				01BFFA2B239D4F2F00688341 /* MAP */,
				01BFFA2A239D4F1B00688341 /* Übersicht */,
				014201032380615600C2834C /* Benutzer */,
				0139E4952156C719001970FE /* Stammdaten */,
				0139E4942156C6CF001970FE /* Dokumentation */,
				018A068D266D6EFC003B6E90 /* EinsatzMetadaten */,
				0139E4932156C65E001970FE /* Login */,
				0139E4922156C63A001970FE /* Patienten */,
				0139E4962156C7DC001970FE /* Abschnitte */,
				0177A9342425137300F35819 /* NoticeBookViewController.swift */,
			);
			path = ViewController;
			sourceTree = "<group>";
		};
		5B7AE74021319660007552C3 /* Protocols */ = {
			isa = PBXGroup;
			children = (
				5B7AE74121319693007552C3 /* LoginProtocol.swift */,
				012508062135AED40065FDF0 /* missionProtocol.swift */,
				018042C7213BFEF8008B1784 /* StammdatenProtocol.swift */,
				5B4A6010213C7A4C00844F85 /* DocumentationProtocol.swift */,
				019081C62141A5F600AB7620 /* UnitProtocol.swift */,
				019081C82141A62F00AB7620 /* HospitalProtocol.swift */,
				019081CA2141A65900AB7620 /* InjuryProtocol.swift */,
			);
			path = Protocols;
			sourceTree = "<group>";
		};
/* End PBXGroup section */

/* Begin PBXNativeTarget section */
		5B41E9AE212C5F5300525804 /* ELRDRG */ = {
			isa = PBXNativeTarget;
			buildConfigurationList = 5B41E9C4212C5F5400525804 /* Build configuration list for PBXNativeTarget "ELRDRG" */;
			buildPhases = (
				5B41E9AB212C5F5300525804 /* Sources */,
				5B41E9AC212C5F5300525804 /* Frameworks */,
				5B41E9AD212C5F5300525804 /* Resources */,
				014692FF25903FC9001EEFB1 /* Embed Frameworks */,
			);
			buildRules = (
			);
			dependencies = (
			);
			name = ELRDRG;
			packageProductDependencies = (
				016308F92564043B00E3D091 /* HttpSwift */,
			);
			productName = ELRDRG;
			productReference = 5B41E9AF212C5F5300525804 /* ELRDRG.app */;
			productType = "com.apple.product-type.application";
		};
/* End PBXNativeTarget section */

/* Begin PBXProject section */
		5B41E9A7212C5F5300525804 /* Project object */ = {
			isa = PBXProject;
			attributes = {
				KnownAssetTags = (
					HTML,
				);
				LastSwiftUpdateCheck = 0940;
				LastUpgradeCheck = 0940;
				ORGANIZATIONNAME = "Jonas Wehner";
				TargetAttributes = {
					5B41E9AE212C5F5300525804 = {
						CreatedOnToolsVersion = 9.4.1;
					};
				};
			};
			buildConfigurationList = 5B41E9AA212C5F5300525804 /* Build configuration list for PBXProject "ELRDRG" */;
			compatibilityVersion = "Xcode 11.4";
			developmentRegion = en;
			hasScannedForEncodings = 0;
			knownRegions = (
				en,
				Base,
			);
			mainGroup = 5B41E9A6212C5F5300525804;
			packageReferences = (
				016308F82564043B00E3D091 /* XCRemoteSwiftPackageReference "Http.swift" */,
			);
			productRefGroup = 5B41E9B0212C5F5300525804 /* Products */;
			projectDirPath = "";
			projectRoot = "";
			targets = (
				5B41E9AE212C5F5300525804 /* ELRDRG */,
			);
		};
/* End PBXProject section */

/* Begin PBXResourcesBuildPhase section */
		5B41E9AD212C5F5300525804 /* Resources */ = {
			isa = PBXResourcesBuildPhase;
			buildActionMask = 2147483647;
			files = (
				01C4F48821628CFA008B5B82 /* MTW.png in Resources */,
				5B41E9C0212C5F5400525804 /* LaunchScreen.storyboard in Resources */,
				018042BC213A9A60008B1784 /* humonbody01.png in Resources */,
				0142010223804B3F00C2834C /* Logo_final_CMYK.png in Resources */,
				018042E0213EF964008B1784 /* RTW.png in Resources */,
				5B6D775F21305AB500DDFA2B /* ColorPicker.xcassets in Resources */,
				01C4F483215F92F8008B5B82 /* spine-png-4.png in Resources */,
				018042BE213A9B98008B1784 /* humanbody02.png in Resources */,
				01A042E72412A1AC00D15970 /* brk_kompaktlogo.png in Resources */,
				010CBD1B24083F7E0021357D /* Bell412_drf.png in Resources */,
				01C4F48721628CFA008B5B82 /* Kat-KTW.png in Resources */,
				010CBD1A24083F7E0021357D /* Hof41_10_1.png in Resources */,
				5B41E9BD212C5F5400525804 /* Assets.xcassets in Resources */,
				01A20266233D62C200F70498 /* bootstrap-4.0.0 ELRD.css in Resources */,
				01225AE8213F1B4700033225 /* icon-injury.png in Resources */,
				010042CD2266562600E0360D /* fa-brands-400.ttf in Resources */,
				01225AE6213F19A300033225 /* hospital.png in Resources */,
				0142010123804B3F00C2834C /* BRK_KV_LOGO.jpg in Resources */,
				018042E3213EF964008B1784 /* KTW.png in Resources */,
				018042DF213EF964008B1784 /* NEF.png in Resources */,
				0142010023804B3F00C2834C /* Iuk.png in Resources */,
				5B41E9B8212C5F5300525804 /* Main.storyboard in Resources */,
				010042CF2266562C00E0360D /* fa-solid-900.ttf in Resources */,
				018042E1213EF964008B1784 /* ITH.png in Resources */,
				018042E4213EF964008B1784 /* RTH.png in Resources */,
				010042D02266563300E0360D /* fa-regular-400.ttf in Resources */,
				01A87CF623F3194C004DA83C /* SectionAnnotation.xib in Resources */,
			);
			runOnlyForDeploymentPostprocessing = 0;
		};
/* End PBXResourcesBuildPhase section */

/* Begin PBXSourcesBuildPhase section */
		5B41E9AB212C5F5300525804 /* Sources */ = {
			isa = PBXSourcesBuildPhase;
			buildActionMask = 2147483647;
			files = (
				017A7EA62576D2C3001676DA /* DocuTemplateDetailViewController.swift in Sources */,
				5B6D775D213052AD00DDFA2B /* LoginHandler.swift in Sources */,
				01A042E524129DB000D15970 /* PatientenExport.swift in Sources */,
				01710199258C168E006EFD94 /* BaseEntity.swift in Sources */,
				0165068F239D6AE600921FAD /* PatientUITVC.swift in Sources */,
				019081C72141A5F600AB7620 /* UnitProtocol.swift in Sources */,
				012FE86F23897CBE005D24FD /* ShowUserViewController.swift in Sources */,
				01A87CF923F3228E004DA83C /* UnitXIBCustomTableViewCell.swift in Sources */,
				0139E4A22156D983001970FE /* SectionHandler.swift in Sources */,
				0110D56A25DCCC3F00B73601 /* RectangleMapOverlay.swift in Sources */,
				0110D56825DB720C00B73601 /* BaseMapOverlayTVC.swift in Sources */,
				015872E424B60BA60085A68E /* UnitPattern.swift in Sources */,
				01ED51F52145217A0059618E /* SelectUnitVC.swift in Sources */,
				5B6D774D2130502C00DDFA2B /* Injury.swift in Sources */,
				019081C52141A47B00AB7620 /* HospitalHandler.swift in Sources */,
				018042CE213DC841008B1784 /* ChooseDokuTypeVC.swift in Sources */,
				018042C8213BFEF8008B1784 /* StammdatenProtocol.swift in Sources */,
				5B6D77512130505F00DDFA2B /* Attachment.swift in Sources */,
				019081C92141A62F00AB7620 /* HospitalProtocol.swift in Sources */,
				013A571C25D057E0007483E8 /* MapOverlay.swift in Sources */,
				0139E49121541391001970FE /* InjuryTC.swift in Sources */,
				014201052380617100C2834C /* AddUserViewController.swift in Sources */,
				5B84BB8E21315CC100DA1073 /* Shift.swift in Sources */,
				018042C6213BFAD1008B1784 /* StammdatenDetailVC.swift in Sources */,
				0161331D267EA3DA008DAE8F /* MissionImageTableViewCell.swift in Sources */,
				018A0691267694E6003B6E90 /* MissionCommanderCVC.swift in Sources */,
				5B41E9BB212C5F5300525804 /* ELRDRG.xcdatamodeld in Sources */,
				0156738F23CA562E00BC2B53 /* Hospital.swift in Sources */,
				019081CB2141A65900AB7620 /* InjuryProtocol.swift in Sources */,
				01A87CFB23F32362004DA83C /* SectionAnnotationView.swift in Sources */,
				01C662A623A0534E00BD6AFE /* UnitCVC.swift in Sources */,
				0139E4A9215708D7001970FE /* sectionUnitTableViewCell.swift in Sources */,
				5B41E9B5212C5F5300525804 /* StartVC.swift in Sources */,
				0177A9352425137300F35819 /* NoticeBookViewController.swift in Sources */,
				014DA89D225F9B1600C42F5C /* Export.swift in Sources */,
				0139E4A02156D7A3001970FE /* SectionTableViewCell.swift in Sources */,
				0139E48F21516747001970FE /* smallinjurycell.swift in Sources */,
				5B4A6006213C641300844F85 /* DocumentationVC.swift in Sources */,
				0106A08225DB5D8D008DC22B /* BaseMapOverlay.swift in Sources */,
				012FE87123897D4D005D24FD /* UserAttributeTableViewCell.swift in Sources */,
				5B6D775B213050A300DDFA2B /* BaseUnit.swift in Sources */,
				01DC89CF26093AF100EA87A0 /* BaseTileOverlay.swift in Sources */,
				0125080E2135E9B80065FDF0 /* UebersichtVC.swift in Sources */,
				01C4F47B215AA94B008B5B82 /* StammdatenImport.swift in Sources */,
				014C37D423D6309700605ECB /* ChangeMissionVC.swift in Sources */,
				015589D0239ED4D300BEEAE3 /* PatientOverViewTVC.swift in Sources */,
				5B4A6015213DAAE800844F85 /* MapVC.swift in Sources */,
				017A7E9D2576CF83001676DA /* DocuTemplateTableViewCell.swift in Sources */,
				019081C32141A46E00AB7620 /* UnitHandler.swift in Sources */,
				017A7EAE2576EE26001676DA /* DocumentationTemplateTableViewCell.swift in Sources */,
				018DDCDF24F0151600BB468E /* SectionMapAnnotation.swift in Sources */,
				017A7E9A2576CDB8001676DA /* DocuTemplatesViewController.swift in Sources */,
				5B41E9D1212C6CA700525804 /* User.swift in Sources */,
				018A0693267AA43A003B6E90 /* missionCategoryCVC.swift in Sources */,
				01D9026023BB8136009F9E75 /* LocationHandler.swift in Sources */,
				5B4A6017213EFCBF00844F85 /* DocumentationDetailAudioVC.swift in Sources */,
				0106A08025DB596C008DC22B /* CircleMapOverlay.swift in Sources */,
				018A068C266CE8DC003B6E90 /* MissionGeneralInfoCollectionViewCell.swift in Sources */,
				5B6D774F2130503C00DDFA2B /* Documentation.swift in Sources */,
				01F8DB3D252B6AE300CA97C0 /* Notification.swift in Sources */,
				018A068A265B06B0003B6E90 /* CommanderTableViewCell.swift in Sources */,
				5B4A6013213D82C800844F85 /* SessionHandler.swift in Sources */,
				01BFFA2D239D4FC200688341 /* PatientCVC.swift in Sources */,
				018A068F266D6F42003B6E90 /* iMissionMetaDataCVC.swift in Sources */,
				01E5EBE924FBD7640068E619 /* SectionsUIViewController.swift in Sources */,
				01F8DB39252B630F00CA97C0 /* NotificationsViewController.swift in Sources */,
				018042E8213F1812008B1784 /* HosiptalCostumTableViewCell.swift in Sources */,
				5B4A6009213C654800844F85 /* RoundButton.swift in Sources */,
				5B4A600B213C6A2800844F85 /* DocumentationDetailTextVC.swift in Sources */,
				01D7BEAE258C20BA009BA463 /* dbIDManager.swift in Sources */,
				01F8DB37252B62E600CA97C0 /* HttpServer.swift in Sources */,
				017A7EAB2576D575001676DA /* DocumentationTemplate.swift in Sources */,
				018042E6213F002F008B1784 /* UnitCostumTableViewCell.swift in Sources */,
				5B4A6011213C7A4C00844F85 /* DocumentationProtocol.swift in Sources */,
				5B6D77572130508E00DDFA2B /* BaseInjury.swift in Sources */,
				01E5EBED24FBD8EF0068E619 /* MapSectionTVC.swift in Sources */,
				018042B7213A7179008B1784 /* PatientenVC.swift in Sources */,
				018C6F712573E145005BDC56 /* ExplanationVC.swift in Sources */,
				018042C2213AA1ED008B1784 /* PatientenDetailVC.swift in Sources */,
				018042B9213A7866008B1784 /* PatientCustomTableViewCell.swift in Sources */,
				01DC89CD2607C3FF00EA87A0 /* MapProvider.swift in Sources */,
				5B6D774B2130501E00DDFA2B /* Unit.swift in Sources */,
				01C662A423A04A5600BD6AFE /* UnitsCVC.swift in Sources */,
				0139E49E2156D1E5001970FE /* SmallUnitTableViewCell.swift in Sources */,
				017A1DB125901857002D7649 /* StatisticHandler.swift in Sources */,
				0139E4982156C87B001970FE /* AbschnittCVC.swift in Sources */,
				0146EB2A23A2BA860003AB41 /* PatientPopOverVC.swift in Sources */,
				010CBD21240A83650021357D /* SettingsHandler.swift in Sources */,
				5BB940E32141A121007DDCCC /* DocumentationDetailPhotoVC.swift in Sources */,
				010C475525D62A1F00AF4C54 /* overlayListViewController.swift in Sources */,
				014FCAF022089C17004C0A33 /* SmallhospitalTableViewCell.swift in Sources */,
				0139E4A521570736001970FE /* sectionUnitFullTableViewCell.swift in Sources */,
				5B6D774721304FF400DDFA2B /* Victim.swift in Sources */,
				0139E4A72157084C001970FE /* sectionUnitHalfTableViewCell.swift in Sources */,
				5B6D7742212C86B400DDFA2B /* Mission.swift in Sources */,
				019081C12141A45C00AB7620 /* InjuryHandler.swift in Sources */,
				012508072135AED40065FDF0 /* missionProtocol.swift in Sources */,
				0146EB2E23A416CF0003AB41 /* UnitsOverViewCVC.swift in Sources */,
				010C475725D62AF400AF4C54 /* overlayTVC.swift in Sources */,
				5B6D77592130509900DDFA2B /* BaseHospital.swift in Sources */,
				01ED51F7214526B60059618E /* UnitSelectCostumTableViewCell.swift in Sources */,
				013A570625CD993B007483E8 /* DrawingMapOverlay.swift in Sources */,
				01FA9167234D0E4400D7BB27 /* BenutzerListeViewController.swift in Sources */,
				5B84BB90213162AC00DA1073 /* LoginPopupVC.swift in Sources */,
				0139E49C2156D16A001970FE /* SmallPatientTableViewCell.swift in Sources */,
				01FB07BA22B7E4E9002D6359 /* PDCreator.swift in Sources */,
				01FA9169234D0F5000D7BB27 /* BenutzerTableViewCell.swift in Sources */,
				01225AEA213F1B6A00033225 /* InjuryCostumTableViewCell.swift in Sources */,
				01DC89D126093E3700EA87A0 /* OpenTopoMapProvider.swift in Sources */,
				0125080A2135B3AB0065FDF0 /* MissionCostumTableViewCell.swift in Sources */,
				01ED51FB21484E310059618E /* SelectInjuryTableVC.swift in Sources */,
				01DC89CB2607963800EA87A0 /* OpenStreetMapOverlay.swift in Sources */,
				01FB07BC22CA51A1002D6359 /* ExportVC.swift in Sources */,
				0139E49A2156C9E2001970FE /* AbschnitteVC.swift in Sources */,
				01C662A223A0344000BD6AFE /* TextDocuTVC.swift in Sources */,
				01C3853A25DDD98E001C35DE /* MapDrawingOverlay.swift in Sources */,
				0147B4282638B5F800030DBF /* Log.swift in Sources */,
				01650BAD2249871400886510 /* CreateTempObjectViewController.swift in Sources */,
				015589CE239ED42700BEEAE3 /* DocuCVC.swift in Sources */,
				01ED51F921484A060059618E /* SelectInjuryVC.swift in Sources */,
				0193028D267BE11E001D8D3C /* MissionDateCVC.swift in Sources */,
				5B6D77492130501100DDFA2B /* Section.swift in Sources */,
				0139BB2A2566AF5C0047D53C /* NotificationManager.swift in Sources */,
				0100345C2637864C00BEA1F1 /* Server.swift in Sources */,
				5B4A600D213C6EA900844F85 /* DocumentationHandler.swift in Sources */,
				01F8DB3B252B664800CA97C0 /* NotificationsTVC.swift in Sources */,
				012FE873238B29E2005D24FD /* AddUserAttributeTableViewCell.swift in Sources */,
				018DDCE124F0169300BB468E /* UnitMapTableViewCell.swift in Sources */,
				01229C7E2411A740003BB5F3 /* ExportSettingsViewController.swift in Sources */,
				0174FE842567A100009DB167 /* AbschnitteSectionTVC.swift in Sources */,
				5BF467F0214AD9B200BCE3EF /* DocumentationAudioTableViewCell.swift in Sources */,
				01C4F47D215E5F40008B5B82 /* CategorySegment.swift in Sources */,
				5B4A600F213C73E100844F85 /* DocumentationTableViewCell.swift in Sources */,
				019081CD2141ADD200AB7620 /* CreateInjuryVC.swift in Sources */,
				0146EB2C23A2BB830003AB41 /* injuryTVC.swift in Sources */,
				018042CC213C0217008B1784 /* CreateUnitVC.swift in Sources */,
				010CBD1F240A82450021357D /* GeneralSettingsVC.swift in Sources */,
				01ADBEB12637735B00A386EC /* StammdatenServerViewController.swift in Sources */,
				5B7AE74221319693007552C3 /* LoginProtocol.swift in Sources */,
				0183A588212CA9E7006036FA /* DataHandler.swift in Sources */,
				018042C4213BF5C1008B1784 /* SettingsVC.swift in Sources */,
				0125080C2135DE630065FDF0 /* TabBarVC.swift in Sources */,
				5B41E9B3212C5F5300525804 /* AppDelegate.swift in Sources */,
			);
			runOnlyForDeploymentPostprocessing = 0;
		};
/* End PBXSourcesBuildPhase section */

/* Begin PBXVariantGroup section */
		5B41E9B6212C5F5300525804 /* Main.storyboard */ = {
			isa = PBXVariantGroup;
			children = (
				5B41E9B7212C5F5300525804 /* Base */,
			);
			name = Main.storyboard;
			sourceTree = "<group>";
		};
		5B41E9BE212C5F5400525804 /* LaunchScreen.storyboard */ = {
			isa = PBXVariantGroup;
			children = (
				5B41E9BF212C5F5400525804 /* Base */,
			);
			name = LaunchScreen.storyboard;
			sourceTree = "<group>";
		};
/* End PBXVariantGroup section */

/* Begin XCBuildConfiguration section */
		5B41E9C2212C5F5400525804 /* Debug */ = {
			isa = XCBuildConfiguration;
			buildSettings = {
				ALWAYS_SEARCH_USER_PATHS = NO;
				CLANG_ANALYZER_NONNULL = YES;
				CLANG_ANALYZER_NUMBER_OBJECT_CONVERSION = YES_AGGRESSIVE;
				CLANG_CXX_LANGUAGE_STANDARD = "gnu++14";
				CLANG_CXX_LIBRARY = "libc++";
				CLANG_ENABLE_MODULES = YES;
				CLANG_ENABLE_OBJC_ARC = YES;
				CLANG_ENABLE_OBJC_WEAK = YES;
				CLANG_WARN_BLOCK_CAPTURE_AUTORELEASING = YES;
				CLANG_WARN_BOOL_CONVERSION = YES;
				CLANG_WARN_COMMA = YES;
				CLANG_WARN_CONSTANT_CONVERSION = YES;
				CLANG_WARN_DEPRECATED_OBJC_IMPLEMENTATIONS = YES;
				CLANG_WARN_DIRECT_OBJC_ISA_USAGE = YES_ERROR;
				CLANG_WARN_DOCUMENTATION_COMMENTS = YES;
				CLANG_WARN_EMPTY_BODY = YES;
				CLANG_WARN_ENUM_CONVERSION = YES;
				CLANG_WARN_INFINITE_RECURSION = YES;
				CLANG_WARN_INT_CONVERSION = YES;
				CLANG_WARN_NON_LITERAL_NULL_CONVERSION = YES;
				CLANG_WARN_OBJC_IMPLICIT_RETAIN_SELF = YES;
				CLANG_WARN_OBJC_LITERAL_CONVERSION = YES;
				CLANG_WARN_OBJC_ROOT_CLASS = YES_ERROR;
				CLANG_WARN_RANGE_LOOP_ANALYSIS = YES;
				CLANG_WARN_STRICT_PROTOTYPES = YES;
				CLANG_WARN_SUSPICIOUS_MOVE = YES;
				CLANG_WARN_UNGUARDED_AVAILABILITY = YES_AGGRESSIVE;
				CLANG_WARN_UNREACHABLE_CODE = YES;
				CLANG_WARN__DUPLICATE_METHOD_MATCH = YES;
				CODE_SIGN_IDENTITY = "iPhone Developer";
				COPY_PHASE_STRIP = NO;
				DEBUG_INFORMATION_FORMAT = dwarf;
				ENABLE_STRICT_OBJC_MSGSEND = YES;
				ENABLE_TESTABILITY = YES;
				GCC_C_LANGUAGE_STANDARD = gnu11;
				GCC_DYNAMIC_NO_PIC = NO;
				GCC_NO_COMMON_BLOCKS = YES;
				GCC_OPTIMIZATION_LEVEL = 0;
				GCC_PREPROCESSOR_DEFINITIONS = (
					"DEBUG=1",
					"$(inherited)",
				);
				GCC_WARN_64_TO_32_BIT_CONVERSION = YES;
				GCC_WARN_ABOUT_RETURN_TYPE = YES_ERROR;
				GCC_WARN_UNDECLARED_SELECTOR = YES;
				GCC_WARN_UNINITIALIZED_AUTOS = YES_AGGRESSIVE;
				GCC_WARN_UNUSED_FUNCTION = YES;
				GCC_WARN_UNUSED_VARIABLE = YES;
				IPHONEOS_DEPLOYMENT_TARGET = 13.0;
				MTL_ENABLE_DEBUG_INFO = YES;
				ONLY_ACTIVE_ARCH = NO;
				SDKROOT = iphoneos;
				SWIFT_ACTIVE_COMPILATION_CONDITIONS = DEBUG;
				SWIFT_OPTIMIZATION_LEVEL = "-Onone";
			};
			name = Debug;
		};
		5B41E9C3212C5F5400525804 /* Release */ = {
			isa = XCBuildConfiguration;
			buildSettings = {
				ALWAYS_SEARCH_USER_PATHS = NO;
				CLANG_ANALYZER_NONNULL = YES;
				CLANG_ANALYZER_NUMBER_OBJECT_CONVERSION = YES_AGGRESSIVE;
				CLANG_CXX_LANGUAGE_STANDARD = "gnu++14";
				CLANG_CXX_LIBRARY = "libc++";
				CLANG_ENABLE_MODULES = YES;
				CLANG_ENABLE_OBJC_ARC = YES;
				CLANG_ENABLE_OBJC_WEAK = YES;
				CLANG_WARN_BLOCK_CAPTURE_AUTORELEASING = YES;
				CLANG_WARN_BOOL_CONVERSION = YES;
				CLANG_WARN_COMMA = YES;
				CLANG_WARN_CONSTANT_CONVERSION = YES;
				CLANG_WARN_DEPRECATED_OBJC_IMPLEMENTATIONS = YES;
				CLANG_WARN_DIRECT_OBJC_ISA_USAGE = YES_ERROR;
				CLANG_WARN_DOCUMENTATION_COMMENTS = YES;
				CLANG_WARN_EMPTY_BODY = YES;
				CLANG_WARN_ENUM_CONVERSION = YES;
				CLANG_WARN_INFINITE_RECURSION = YES;
				CLANG_WARN_INT_CONVERSION = YES;
				CLANG_WARN_NON_LITERAL_NULL_CONVERSION = YES;
				CLANG_WARN_OBJC_IMPLICIT_RETAIN_SELF = YES;
				CLANG_WARN_OBJC_LITERAL_CONVERSION = YES;
				CLANG_WARN_OBJC_ROOT_CLASS = YES_ERROR;
				CLANG_WARN_RANGE_LOOP_ANALYSIS = YES;
				CLANG_WARN_STRICT_PROTOTYPES = YES;
				CLANG_WARN_SUSPICIOUS_MOVE = YES;
				CLANG_WARN_UNGUARDED_AVAILABILITY = YES_AGGRESSIVE;
				CLANG_WARN_UNREACHABLE_CODE = YES;
				CLANG_WARN__DUPLICATE_METHOD_MATCH = YES;
				CODE_SIGN_IDENTITY = "iPhone Developer";
				COPY_PHASE_STRIP = NO;
				DEBUG_INFORMATION_FORMAT = "dwarf-with-dsym";
				ENABLE_NS_ASSERTIONS = YES;
				ENABLE_STRICT_OBJC_MSGSEND = YES;
				ENABLE_TESTABILITY = YES;
				GCC_C_LANGUAGE_STANDARD = gnu11;
				GCC_NO_COMMON_BLOCKS = YES;
				GCC_WARN_64_TO_32_BIT_CONVERSION = YES;
				GCC_WARN_ABOUT_RETURN_TYPE = YES_ERROR;
				GCC_WARN_UNDECLARED_SELECTOR = YES;
				GCC_WARN_UNINITIALIZED_AUTOS = YES_AGGRESSIVE;
				GCC_WARN_UNUSED_FUNCTION = YES;
				GCC_WARN_UNUSED_VARIABLE = YES;
				IPHONEOS_DEPLOYMENT_TARGET = 13.0;
				MTL_ENABLE_DEBUG_INFO = NO;
				ONLY_ACTIVE_ARCH = NO;
				SDKROOT = iphoneos;
				SWIFT_COMPILATION_MODE = wholemodule;
				SWIFT_OPTIMIZATION_LEVEL = "-O";
				VALIDATE_PRODUCT = YES;
			};
			name = Release;
		};
		5B41E9C5212C5F5400525804 /* Debug */ = {
			isa = XCBuildConfiguration;
			buildSettings = {
				ASSETCATALOG_COMPILER_APPICON_NAME = ELRD;
				CODE_SIGN_STYLE = Automatic;
				CURRENT_PROJECT_VERSION = 65;
				DEVELOPMENT_ASSET_PATHS = "";
				DEVELOPMENT_TEAM = BQXP47B3R7;
				INFOPLIST_FILE = ELRDRG/Info.plist;
				IPHONEOS_DEPLOYMENT_TARGET = 13.0;
				LD_RUNPATH_SEARCH_PATHS = (
					"$(inherited)",
					"@executable_path/Frameworks",
				);
				MARKETING_VERSION = 1.1;
				PRODUCT_BUNDLE_IDENTIFIER = ELRDBayernRG;
				PRODUCT_NAME = "$(TARGET_NAME)";
				SWIFT_VERSION = 4.0;
				TARGETED_DEVICE_FAMILY = 2;
			};
			name = Debug;
		};
		5B41E9C6212C5F5400525804 /* Release */ = {
			isa = XCBuildConfiguration;
			buildSettings = {
				ASSETCATALOG_COMPILER_APPICON_NAME = ELRD;
				CODE_SIGN_STYLE = Automatic;
				CURRENT_PROJECT_VERSION = 65;
				DEVELOPMENT_ASSET_PATHS = "";
				DEVELOPMENT_TEAM = BQXP47B3R7;
				INFOPLIST_FILE = ELRDRG/Info.plist;
				IPHONEOS_DEPLOYMENT_TARGET = 13.0;
				LD_RUNPATH_SEARCH_PATHS = (
					"$(inherited)",
					"@executable_path/Frameworks",
				);
				MARKETING_VERSION = 1.1;
				MTL_ENABLE_DEBUG_INFO = YES;
				PRODUCT_BUNDLE_IDENTIFIER = ELRDBayernRG;
				PRODUCT_NAME = "$(TARGET_NAME)";
				SWIFT_COMPILATION_MODE = singlefile;
				SWIFT_OPTIMIZATION_LEVEL = "-Onone";
				SWIFT_VERSION = 4.0;
				TARGETED_DEVICE_FAMILY = 2;
			};
			name = Release;
		};
/* End XCBuildConfiguration section */

/* Begin XCConfigurationList section */
		5B41E9AA212C5F5300525804 /* Build configuration list for PBXProject "ELRDRG" */ = {
			isa = XCConfigurationList;
			buildConfigurations = (
				5B41E9C2212C5F5400525804 /* Debug */,
				5B41E9C3212C5F5400525804 /* Release */,
			);
			defaultConfigurationIsVisible = 0;
			defaultConfigurationName = Release;
		};
		5B41E9C4212C5F5400525804 /* Build configuration list for PBXNativeTarget "ELRDRG" */ = {
			isa = XCConfigurationList;
			buildConfigurations = (
				5B41E9C5212C5F5400525804 /* Debug */,
				5B41E9C6212C5F5400525804 /* Release */,
			);
			defaultConfigurationIsVisible = 0;
			defaultConfigurationName = Release;
		};
/* End XCConfigurationList section */

/* Begin XCRemoteSwiftPackageReference section */
		016308F82564043B00E3D091 /* XCRemoteSwiftPackageReference "Http.swift" */ = {
			isa = XCRemoteSwiftPackageReference;
			repositoryURL = "https://github.com/BiAtoms/Http.swift.git";
			requirement = {
				kind = upToNextMajorVersion;
				minimumVersion = 2.2.1;
			};
		};
/* End XCRemoteSwiftPackageReference section */

/* Begin XCSwiftPackageProductDependency section */
		016308F92564043B00E3D091 /* HttpSwift */ = {
			isa = XCSwiftPackageProductDependency;
			package = 016308F82564043B00E3D091 /* XCRemoteSwiftPackageReference "Http.swift" */;
			productName = HttpSwift;
		};
/* End XCSwiftPackageProductDependency section */

/* Begin XCVersionGroup section */
		5B41E9B9212C5F5300525804 /* ELRDRG.xcdatamodeld */ = {
			isa = XCVersionGroup;
			children = (
				5B41E9BA212C5F5300525804 /* ELRDRG.xcdatamodel */,
			);
			currentVersion = 5B41E9BA212C5F5300525804 /* ELRDRG.xcdatamodel */;
			path = ELRDRG.xcdatamodeld;
			sourceTree = "<group>";
			versionGroupType = wrapper.xcdatamodel;
		};
/* End XCVersionGroup section */
	};
	rootObject = 5B41E9A7212C5F5300525804 /* Project object */;
}
